// !$*UTF8*$!
{
	archiveVersion = 1;
	classes = {
	};
	objectVersion = 55;
	objects = {

/* Begin PBXBuildFile section */
		B90847DB2971277C00758477 /* EASpinner.swift in Sources */ = {isa = PBXBuildFile; fileRef = B90847DA2971277C00758477 /* EASpinner.swift */; };
		B90847DF2972586A00758477 /* EADayGuideView.swift in Sources */ = {isa = PBXBuildFile; fileRef = B90847DE2972586A00758477 /* EADayGuideView.swift */; };
		B90847E1297258EB00758477 /* EADayGuideViewModel.swift in Sources */ = {isa = PBXBuildFile; fileRef = B90847E0297258EB00758477 /* EADayGuideViewModel.swift */; };
		B90847E32972CB2200758477 /* NavigationUtility.swift in Sources */ = {isa = PBXBuildFile; fileRef = B90847E22972CB2200758477 /* NavigationUtility.swift */; };
		B90847E52973ADC400758477 /* Flags.swift in Sources */ = {isa = PBXBuildFile; fileRef = B90847E42973ADC400758477 /* Flags.swift */; };
		B90847E72973C99D00758477 /* EAGoalCollectionViewCell.swift in Sources */ = {isa = PBXBuildFile; fileRef = B90847E62973C99D00758477 /* EAGoalCollectionViewCell.swift */; };
		B90847EA297665A200758477 /* Extensions.swift in Sources */ = {isa = PBXBuildFile; fileRef = B90847E9297665A200758477 /* Extensions.swift */; };
		B90847EC2979012D00758477 /* EAColorSelector.swift in Sources */ = {isa = PBXBuildFile; fileRef = B90847EB2979012D00758477 /* EAColorSelector.swift */; };
		B91EE2E1297B207B003FF560 /* EvolveAITests.swift in Sources */ = {isa = PBXBuildFile; fileRef = B91EE2E0297B207B003FF560 /* EvolveAITests.swift */; };
		B91EE2EE297B2127003FF560 /* EvolveAIUITests.swift in Sources */ = {isa = PBXBuildFile; fileRef = B91EE2ED297B2127003FF560 /* EvolveAIUITests.swift */; };
		B91EE2F0297B2127003FF560 /* EvolveAIUITestsLaunchTests.swift in Sources */ = {isa = PBXBuildFile; fileRef = B91EE2EF297B2127003FF560 /* EvolveAIUITestsLaunchTests.swift */; };
		B91EE2F7297B21EB003FF560 /* EAGoalTest.swift in Sources */ = {isa = PBXBuildFile; fileRef = B91EE2F6297B21EB003FF560 /* EAGoalTest.swift */; };
		B91EE2FA297B2AD9003FF560 /* .swiftlint.yml in Resources */ = {isa = PBXBuildFile; fileRef = B91EE2F9297B2AD9003FF560 /* .swiftlint.yml */; };
		B9486DF1296D3A6300A0296E /* EAIncrement.swift in Sources */ = {isa = PBXBuildFile; fileRef = B9486DF0296D3A6300A0296E /* EAIncrement.swift */; };
		B9486DF3296D3C6000A0296E /* EATextViewQuestionViewModel.swift in Sources */ = {isa = PBXBuildFile; fileRef = B9486DF2296D3C6000A0296E /* EATextViewQuestionViewModel.swift */; };
		B9486DF5296D3CA500A0296E /* EATextViewQuestionView.swift in Sources */ = {isa = PBXBuildFile; fileRef = B9486DF4296D3CA500A0296E /* EATextViewQuestionView.swift */; };
		B9486DF8296D3FC700A0296E /* EATextView.swift in Sources */ = {isa = PBXBuildFile; fileRef = B9486DF7296D3FC700A0296E /* EATextView.swift */; };
		B9486DFA296D423A00A0296E /* EAButton.swift in Sources */ = {isa = PBXBuildFile; fileRef = B9486DF9296D423A00A0296E /* EAButton.swift */; };
		B9486DFC296D495000A0296E /* EASeparator.swift in Sources */ = {isa = PBXBuildFile; fileRef = B9486DFB296D495000A0296E /* EASeparator.swift */; };
		B9486DFE296D4DC000A0296E /* EAOpenAIEndpoint.swift in Sources */ = {isa = PBXBuildFile; fileRef = B9486DFD296D4DC000A0296E /* EAOpenAIEndpoint.swift */; };
		B9C0566E2962C16E007B6DBD /* AppDelegate.swift in Sources */ = {isa = PBXBuildFile; fileRef = B9C0566D2962C16E007B6DBD /* AppDelegate.swift */; };
		B9C056702962C16E007B6DBD /* SceneDelegate.swift in Sources */ = {isa = PBXBuildFile; fileRef = B9C0566F2962C16E007B6DBD /* SceneDelegate.swift */; };
		B9C056722962C16E007B6DBD /* EAGoalsListViewController.swift in Sources */ = {isa = PBXBuildFile; fileRef = B9C056712962C16E007B6DBD /* EAGoalsListViewController.swift */; };
		B9C056772962C16F007B6DBD /* Assets.xcassets in Resources */ = {isa = PBXBuildFile; fileRef = B9C056762962C16F007B6DBD /* Assets.xcassets */; };
		B9C0567A2962C16F007B6DBD /* LaunchScreen.storyboard in Resources */ = {isa = PBXBuildFile; fileRef = B9C056782962C16F007B6DBD /* LaunchScreen.storyboard */; };
		B9C056892962C1DD007B6DBD /* EARestAPIService.swift in Sources */ = {isa = PBXBuildFile; fileRef = B9C056882962C1DD007B6DBD /* EARestAPIService.swift */; };
		B9C0568B2962C24A007B6DBD /* EAOpenAIRequest.swift in Sources */ = {isa = PBXBuildFile; fileRef = B9C0568A2962C24A007B6DBD /* EAOpenAIRequest.swift */; };
		B9C0568D2962C2DB007B6DBD /* EAAPIResponse.swift in Sources */ = {isa = PBXBuildFile; fileRef = B9C0568C2962C2DB007B6DBD /* EAAPIResponse.swift */; };
		B9C0568F2962C33A007B6DBD /* EAEndpoint.swift in Sources */ = {isa = PBXBuildFile; fileRef = B9C0568E2962C33A007B6DBD /* EAEndpoint.swift */; };
		B9C056912962C3BE007B6DBD /* EARequestBody.swift in Sources */ = {isa = PBXBuildFile; fileRef = B9C056902962C3BE007B6DBD /* EARequestBody.swift */; };
		B9C056932962CE64007B6DBD /* EAOpenAICompletionsRequestBody.swift in Sources */ = {isa = PBXBuildFile; fileRef = B9C056922962CE64007B6DBD /* EAOpenAICompletionsRequestBody.swift */; };
		B9C056962962CEAF007B6DBD /* EARequest.swift in Sources */ = {isa = PBXBuildFile; fileRef = B9C056952962CEAF007B6DBD /* EARequest.swift */; };
		B9C056982962D28D007B6DBD /* EAOpenAICompletionsModel.swift in Sources */ = {isa = PBXBuildFile; fileRef = B9C056972962D28D007B6DBD /* EAOpenAICompletionsModel.swift */; };
		B9C0569A2962D4FD007B6DBD /* HTTPMethod.swift in Sources */ = {isa = PBXBuildFile; fileRef = B9C056992962D4FD007B6DBD /* HTTPMethod.swift */; };
		B9C0569D2962DF7C007B6DBD /* EAOpenAICompletionsResponse.swift in Sources */ = {isa = PBXBuildFile; fileRef = B9C0569C2962DF7C007B6DBD /* EAOpenAICompletionsResponse.swift */; };
		B9C0569F2962E045007B6DBD /* EAGoal.swift in Sources */ = {isa = PBXBuildFile; fileRef = B9C0569E2962E045007B6DBD /* EAGoal.swift */; };
		B9C056A22967CEE5007B6DBD /* EAFormElementView.swift in Sources */ = {isa = PBXBuildFile; fileRef = B9C056A12967CEE5007B6DBD /* EAFormElementView.swift */; };
		B9C056A42967D139007B6DBD /* EAFormView.swift in Sources */ = {isa = PBXBuildFile; fileRef = B9C056A32967D139007B6DBD /* EAFormView.swift */; };
		B9C056A729682069007B6DBD /* EAFormElement.swift in Sources */ = {isa = PBXBuildFile; fileRef = B9C056A629682069007B6DBD /* EAFormElement.swift */; };
		B9C056A929682203007B6DBD /* EAGoalDayGuide.swift in Sources */ = {isa = PBXBuildFile; fileRef = B9C056A829682203007B6DBD /* EAGoalDayGuide.swift */; };
		B9C056AB2968F942007B6DBD /* EATextFieldQuestionViewModel.swift in Sources */ = {isa = PBXBuildFile; fileRef = B9C056AA2968F942007B6DBD /* EATextFieldQuestionViewModel.swift */; };
		B9C056AE2968FAEC007B6DBD /* EAGoalsService.swift in Sources */ = {isa = PBXBuildFile; fileRef = B9C056AD2968FAEC007B6DBD /* EAGoalsService.swift */; };
		B9C056BC296A887E007B6DBD /* EAGoalsView.swift in Sources */ = {isa = PBXBuildFile; fileRef = B9C056BB296A887E007B6DBD /* EAGoalsView.swift */; };
		B9C056BE296A8B43007B6DBD /* EAGoalViewModel.swift in Sources */ = {isa = PBXBuildFile; fileRef = B9C056BD296A8B43007B6DBD /* EAGoalViewModel.swift */; };
		B9C056C0296A8E5C007B6DBD /* EAGoalTableViewCell.swift in Sources */ = {isa = PBXBuildFile; fileRef = B9C056BF296A8E5C007B6DBD /* EAGoalTableViewCell.swift */; };
		B9C056C3296A90AC007B6DBD /* Mocking.swift in Sources */ = {isa = PBXBuildFile; fileRef = B9C056C2296A90AC007B6DBD /* Mocking.swift */; };
		B9C056CB296BB3CF007B6DBD /* EAGoalViewController.swift in Sources */ = {isa = PBXBuildFile; fileRef = B9C056CA296BB3CF007B6DBD /* EAGoalViewController.swift */; };
		B9C056CD296BB41B007B6DBD /* EAGoalView.swift in Sources */ = {isa = PBXBuildFile; fileRef = B9C056CC296BB41B007B6DBD /* EAGoalView.swift */; };
		B9C056D0296BCBE9007B6DBD /* Navigator.swift in Sources */ = {isa = PBXBuildFile; fileRef = B9C056CF296BCBE9007B6DBD /* Navigator.swift */; };
		B9C056D2296BCC0A007B6DBD /* GoalsListNavigator.swift in Sources */ = {isa = PBXBuildFile; fileRef = B9C056D1296BCC0A007B6DBD /* GoalsListNavigator.swift */; };
		B9C056D4296BCCA1007B6DBD /* EAGoalCreationFormViewController.swift in Sources */ = {isa = PBXBuildFile; fileRef = B9C056D3296BCCA1007B6DBD /* EAGoalCreationFormViewController.swift */; };
		B9C056D6296BE635007B6DBD /* Constants.swift in Sources */ = {isa = PBXBuildFile; fileRef = B9C056D5296BE635007B6DBD /* Constants.swift */; };
		B9C056D9296BE7B6007B6DBD /* EATextFieldQuestionView.swift in Sources */ = {isa = PBXBuildFile; fileRef = B9C056D8296BE7B6007B6DBD /* EATextFieldQuestionView.swift */; };
		B9C056DC296CF8BE007B6DBD /* EACreateGoalQuestionView.swift in Sources */ = {isa = PBXBuildFile; fileRef = B9C056DB296CF8BE007B6DBD /* EACreateGoalQuestionView.swift */; };
		B9C056DE296CF938007B6DBD /* EACreateGoalQuestionViewModel.swift in Sources */ = {isa = PBXBuildFile; fileRef = B9C056DD296CF938007B6DBD /* EACreateGoalQuestionViewModel.swift */; };
		B9C056E2296D312F007B6DBD /* EATextField.swift in Sources */ = {isa = PBXBuildFile; fileRef = B9C056E1296D312F007B6DBD /* EATextField.swift */; };
		B9F4D3AB297B812700AE8959 /* Realm in Frameworks */ = {isa = PBXBuildFile; productRef = B9F4D3AA297B812700AE8959 /* Realm */; };
		B9F4D3AD297B812700AE8959 /* RealmSwift in Frameworks */ = {isa = PBXBuildFile; productRef = B9F4D3AC297B812700AE8959 /* RealmSwift */; };
		B9F4D3AF297B86B600AE8959 /* EACheckbox.swift in Sources */ = {isa = PBXBuildFile; fileRef = B9F4D3AE297B86B600AE8959 /* EACheckbox.swift */; };
/* End PBXBuildFile section */

/* Begin PBXContainerItemProxy section */
		B91EE2E2297B207B003FF560 /* PBXContainerItemProxy */ = {
			isa = PBXContainerItemProxy;
			containerPortal = B9C056622962C16E007B6DBD /* Project object */;
			proxyType = 1;
			remoteGlobalIDString = B9C056692962C16E007B6DBD;
			remoteInfo = EvolveAI;
		};
		B91EE2F1297B2127003FF560 /* PBXContainerItemProxy */ = {
			isa = PBXContainerItemProxy;
			containerPortal = B9C056622962C16E007B6DBD /* Project object */;
			proxyType = 1;
			remoteGlobalIDString = B9C056692962C16E007B6DBD;
			remoteInfo = EvolveAI;
		};
/* End PBXContainerItemProxy section */

/* Begin PBXFileReference section */
		B90847DA2971277C00758477 /* EASpinner.swift */ = {isa = PBXFileReference; fileEncoding = 4; lastKnownFileType = sourcecode.swift; path = EASpinner.swift; sourceTree = "<group>"; };
		B90847DE2972586A00758477 /* EADayGuideView.swift */ = {isa = PBXFileReference; lastKnownFileType = sourcecode.swift; path = EADayGuideView.swift; sourceTree = "<group>"; };
		B90847E0297258EB00758477 /* EADayGuideViewModel.swift */ = {isa = PBXFileReference; lastKnownFileType = sourcecode.swift; path = EADayGuideViewModel.swift; sourceTree = "<group>"; };
		B90847E22972CB2200758477 /* NavigationUtility.swift */ = {isa = PBXFileReference; lastKnownFileType = sourcecode.swift; path = NavigationUtility.swift; sourceTree = "<group>"; };
		B90847E42973ADC400758477 /* Flags.swift */ = {isa = PBXFileReference; lastKnownFileType = sourcecode.swift; path = Flags.swift; sourceTree = "<group>"; };
		B90847E62973C99D00758477 /* EAGoalCollectionViewCell.swift */ = {isa = PBXFileReference; lastKnownFileType = sourcecode.swift; path = EAGoalCollectionViewCell.swift; sourceTree = "<group>"; };
		B90847E9297665A200758477 /* Extensions.swift */ = {isa = PBXFileReference; lastKnownFileType = sourcecode.swift; path = Extensions.swift; sourceTree = "<group>"; };
		B90847EB2979012D00758477 /* EAColorSelector.swift */ = {isa = PBXFileReference; lastKnownFileType = sourcecode.swift; path = EAColorSelector.swift; sourceTree = "<group>"; };
		B91EE2DE297B207B003FF560 /* EvolveAITests.xctest */ = {isa = PBXFileReference; explicitFileType = wrapper.cfbundle; includeInIndex = 0; path = EvolveAITests.xctest; sourceTree = BUILT_PRODUCTS_DIR; };
		B91EE2E0297B207B003FF560 /* EvolveAITests.swift */ = {isa = PBXFileReference; lastKnownFileType = sourcecode.swift; path = EvolveAITests.swift; sourceTree = "<group>"; };
		B91EE2EB297B2127003FF560 /* EvolveAIUITests.xctest */ = {isa = PBXFileReference; explicitFileType = wrapper.cfbundle; includeInIndex = 0; path = EvolveAIUITests.xctest; sourceTree = BUILT_PRODUCTS_DIR; };
		B91EE2ED297B2127003FF560 /* EvolveAIUITests.swift */ = {isa = PBXFileReference; lastKnownFileType = sourcecode.swift; path = EvolveAIUITests.swift; sourceTree = "<group>"; };
		B91EE2EF297B2127003FF560 /* EvolveAIUITestsLaunchTests.swift */ = {isa = PBXFileReference; lastKnownFileType = sourcecode.swift; path = EvolveAIUITestsLaunchTests.swift; sourceTree = "<group>"; };
		B91EE2F6297B21EB003FF560 /* EAGoalTest.swift */ = {isa = PBXFileReference; lastKnownFileType = sourcecode.swift; path = EAGoalTest.swift; sourceTree = "<group>"; };
		B91EE2F9297B2AD9003FF560 /* .swiftlint.yml */ = {isa = PBXFileReference; lastKnownFileType = text.yaml; path = .swiftlint.yml; sourceTree = "<group>"; };
		B9486DF0296D3A6300A0296E /* EAIncrement.swift */ = {isa = PBXFileReference; lastKnownFileType = sourcecode.swift; path = EAIncrement.swift; sourceTree = "<group>"; };
		B9486DF2296D3C6000A0296E /* EATextViewQuestionViewModel.swift */ = {isa = PBXFileReference; lastKnownFileType = sourcecode.swift; path = EATextViewQuestionViewModel.swift; sourceTree = "<group>"; };
		B9486DF4296D3CA500A0296E /* EATextViewQuestionView.swift */ = {isa = PBXFileReference; lastKnownFileType = sourcecode.swift; path = EATextViewQuestionView.swift; sourceTree = "<group>"; };
		B9486DF7296D3FC700A0296E /* EATextView.swift */ = {isa = PBXFileReference; lastKnownFileType = sourcecode.swift; path = EATextView.swift; sourceTree = "<group>"; };
		B9486DF9296D423A00A0296E /* EAButton.swift */ = {isa = PBXFileReference; lastKnownFileType = sourcecode.swift; path = EAButton.swift; sourceTree = "<group>"; };
		B9486DFB296D495000A0296E /* EASeparator.swift */ = {isa = PBXFileReference; lastKnownFileType = sourcecode.swift; path = EASeparator.swift; sourceTree = "<group>"; };
		B9486DFD296D4DC000A0296E /* EAOpenAIEndpoint.swift */ = {isa = PBXFileReference; lastKnownFileType = sourcecode.swift; path = EAOpenAIEndpoint.swift; sourceTree = "<group>"; };
		B9C0566A2962C16E007B6DBD /* EvolveAI.app */ = {isa = PBXFileReference; explicitFileType = wrapper.application; includeInIndex = 0; path = EvolveAI.app; sourceTree = BUILT_PRODUCTS_DIR; };
		B9C0566D2962C16E007B6DBD /* AppDelegate.swift */ = {isa = PBXFileReference; lastKnownFileType = sourcecode.swift; path = AppDelegate.swift; sourceTree = "<group>"; };
		B9C0566F2962C16E007B6DBD /* SceneDelegate.swift */ = {isa = PBXFileReference; lastKnownFileType = sourcecode.swift; path = SceneDelegate.swift; sourceTree = "<group>"; };
		B9C056712962C16E007B6DBD /* EAGoalsListViewController.swift */ = {isa = PBXFileReference; lastKnownFileType = sourcecode.swift; path = EAGoalsListViewController.swift; sourceTree = "<group>"; };
		B9C056762962C16F007B6DBD /* Assets.xcassets */ = {isa = PBXFileReference; lastKnownFileType = folder.assetcatalog; path = Assets.xcassets; sourceTree = "<group>"; };
		B9C056792962C16F007B6DBD /* Base */ = {isa = PBXFileReference; lastKnownFileType = file.storyboard; name = Base; path = Base.lproj/LaunchScreen.storyboard; sourceTree = "<group>"; };
		B9C0567B2962C16F007B6DBD /* Info.plist */ = {isa = PBXFileReference; lastKnownFileType = text.plist.xml; path = Info.plist; sourceTree = "<group>"; };
		B9C056882962C1DD007B6DBD /* EARestAPIService.swift */ = {isa = PBXFileReference; lastKnownFileType = sourcecode.swift; path = EARestAPIService.swift; sourceTree = "<group>"; };
		B9C0568A2962C24A007B6DBD /* EAOpenAIRequest.swift */ = {isa = PBXFileReference; lastKnownFileType = sourcecode.swift; path = EAOpenAIRequest.swift; sourceTree = "<group>"; };
		B9C0568C2962C2DB007B6DBD /* EAAPIResponse.swift */ = {isa = PBXFileReference; lastKnownFileType = sourcecode.swift; path = EAAPIResponse.swift; sourceTree = "<group>"; };
		B9C0568E2962C33A007B6DBD /* EAEndpoint.swift */ = {isa = PBXFileReference; lastKnownFileType = sourcecode.swift; path = EAEndpoint.swift; sourceTree = "<group>"; };
		B9C056902962C3BE007B6DBD /* EARequestBody.swift */ = {isa = PBXFileReference; lastKnownFileType = sourcecode.swift; path = EARequestBody.swift; sourceTree = "<group>"; };
		B9C056922962CE64007B6DBD /* EAOpenAICompletionsRequestBody.swift */ = {isa = PBXFileReference; lastKnownFileType = sourcecode.swift; path = EAOpenAICompletionsRequestBody.swift; sourceTree = "<group>"; };
		B9C056952962CEAF007B6DBD /* EARequest.swift */ = {isa = PBXFileReference; lastKnownFileType = sourcecode.swift; path = EARequest.swift; sourceTree = "<group>"; };
		B9C056972962D28D007B6DBD /* EAOpenAICompletionsModel.swift */ = {isa = PBXFileReference; lastKnownFileType = sourcecode.swift; path = EAOpenAICompletionsModel.swift; sourceTree = "<group>"; };
		B9C056992962D4FD007B6DBD /* HTTPMethod.swift */ = {isa = PBXFileReference; lastKnownFileType = sourcecode.swift; path = HTTPMethod.swift; sourceTree = "<group>"; };
		B9C0569C2962DF7C007B6DBD /* EAOpenAICompletionsResponse.swift */ = {isa = PBXFileReference; lastKnownFileType = sourcecode.swift; path = EAOpenAICompletionsResponse.swift; sourceTree = "<group>"; };
		B9C0569E2962E045007B6DBD /* EAGoal.swift */ = {isa = PBXFileReference; lastKnownFileType = sourcecode.swift; path = EAGoal.swift; sourceTree = "<group>"; };
		B9C056A02962EDCD007B6DBD /* Config.xcconfig */ = {isa = PBXFileReference; lastKnownFileType = text.xcconfig; path = Config.xcconfig; sourceTree = "<group>"; };
		B9C056A12967CEE5007B6DBD /* EAFormElementView.swift */ = {isa = PBXFileReference; lastKnownFileType = sourcecode.swift; path = EAFormElementView.swift; sourceTree = "<group>"; };
		B9C056A32967D139007B6DBD /* EAFormView.swift */ = {isa = PBXFileReference; lastKnownFileType = sourcecode.swift; path = EAFormView.swift; sourceTree = "<group>"; };
		B9C056A629682069007B6DBD /* EAFormElement.swift */ = {isa = PBXFileReference; lastKnownFileType = sourcecode.swift; path = EAFormElement.swift; sourceTree = "<group>"; };
		B9C056A829682203007B6DBD /* EAGoalDayGuide.swift */ = {isa = PBXFileReference; lastKnownFileType = sourcecode.swift; path = EAGoalDayGuide.swift; sourceTree = "<group>"; };
		B9C056AA2968F942007B6DBD /* EATextFieldQuestionViewModel.swift */ = {isa = PBXFileReference; lastKnownFileType = sourcecode.swift; path = EATextFieldQuestionViewModel.swift; sourceTree = "<group>"; };
		B9C056AD2968FAEC007B6DBD /* EAGoalsService.swift */ = {isa = PBXFileReference; lastKnownFileType = sourcecode.swift; path = EAGoalsService.swift; sourceTree = "<group>"; };
		B9C056BB296A887E007B6DBD /* EAGoalsView.swift */ = {isa = PBXFileReference; lastKnownFileType = sourcecode.swift; path = EAGoalsView.swift; sourceTree = "<group>"; };
		B9C056BD296A8B43007B6DBD /* EAGoalViewModel.swift */ = {isa = PBXFileReference; lastKnownFileType = sourcecode.swift; path = EAGoalViewModel.swift; sourceTree = "<group>"; };
		B9C056BF296A8E5C007B6DBD /* EAGoalTableViewCell.swift */ = {isa = PBXFileReference; lastKnownFileType = sourcecode.swift; path = EAGoalTableViewCell.swift; sourceTree = "<group>"; };
		B9C056C2296A90AC007B6DBD /* Mocking.swift */ = {isa = PBXFileReference; lastKnownFileType = sourcecode.swift; path = Mocking.swift; sourceTree = "<group>"; };
		B9C056CA296BB3CF007B6DBD /* EAGoalViewController.swift */ = {isa = PBXFileReference; lastKnownFileType = sourcecode.swift; path = EAGoalViewController.swift; sourceTree = "<group>"; };
		B9C056CC296BB41B007B6DBD /* EAGoalView.swift */ = {isa = PBXFileReference; lastKnownFileType = sourcecode.swift; path = EAGoalView.swift; sourceTree = "<group>"; };
		B9C056CF296BCBE9007B6DBD /* Navigator.swift */ = {isa = PBXFileReference; lastKnownFileType = sourcecode.swift; path = Navigator.swift; sourceTree = "<group>"; };
		B9C056D1296BCC0A007B6DBD /* GoalsListNavigator.swift */ = {isa = PBXFileReference; lastKnownFileType = sourcecode.swift; path = GoalsListNavigator.swift; sourceTree = "<group>"; };
		B9C056D3296BCCA1007B6DBD /* EAGoalCreationFormViewController.swift */ = {isa = PBXFileReference; lastKnownFileType = sourcecode.swift; path = EAGoalCreationFormViewController.swift; sourceTree = "<group>"; };
		B9C056D5296BE635007B6DBD /* Constants.swift */ = {isa = PBXFileReference; lastKnownFileType = sourcecode.swift; path = Constants.swift; sourceTree = "<group>"; };
		B9C056D8296BE7B6007B6DBD /* EATextFieldQuestionView.swift */ = {isa = PBXFileReference; lastKnownFileType = sourcecode.swift; path = EATextFieldQuestionView.swift; sourceTree = "<group>"; };
		B9C056DB296CF8BE007B6DBD /* EACreateGoalQuestionView.swift */ = {isa = PBXFileReference; lastKnownFileType = sourcecode.swift; path = EACreateGoalQuestionView.swift; sourceTree = "<group>"; };
		B9C056DD296CF938007B6DBD /* EACreateGoalQuestionViewModel.swift */ = {isa = PBXFileReference; lastKnownFileType = sourcecode.swift; path = EACreateGoalQuestionViewModel.swift; sourceTree = "<group>"; };
		B9C056E1296D312F007B6DBD /* EATextField.swift */ = {isa = PBXFileReference; lastKnownFileType = sourcecode.swift; path = EATextField.swift; sourceTree = "<group>"; };
		B9F4D3AE297B86B600AE8959 /* EACheckbox.swift */ = {isa = PBXFileReference; lastKnownFileType = sourcecode.swift; path = EACheckbox.swift; sourceTree = "<group>"; };
/* End PBXFileReference section */

/* Begin PBXFrameworksBuildPhase section */
		B91EE2DB297B207B003FF560 /* Frameworks */ = {
			isa = PBXFrameworksBuildPhase;
			buildActionMask = 2147483647;
			files = (
			);
			runOnlyForDeploymentPostprocessing = 0;
		};
		B91EE2E8297B2127003FF560 /* Frameworks */ = {
			isa = PBXFrameworksBuildPhase;
			buildActionMask = 2147483647;
			files = (
			);
			runOnlyForDeploymentPostprocessing = 0;
		};
		B9C056672962C16E007B6DBD /* Frameworks */ = {
			isa = PBXFrameworksBuildPhase;
			buildActionMask = 2147483647;
			files = (
				B9F4D3AD297B812700AE8959 /* RealmSwift in Frameworks */,
				B9F4D3AB297B812700AE8959 /* Realm in Frameworks */,
			);
			runOnlyForDeploymentPostprocessing = 0;
		};
/* End PBXFrameworksBuildPhase section */

/* Begin PBXGroup section */
		B90847E829765EA600758477 /* OpenAI */ = {
			isa = PBXGroup;
			children = (
				B9C0568A2962C24A007B6DBD /* EAOpenAIRequest.swift */,
				B9C056972962D28D007B6DBD /* EAOpenAICompletionsModel.swift */,
				B9486DFD296D4DC000A0296E /* EAOpenAIEndpoint.swift */,
			);
			path = OpenAI;
			sourceTree = "<group>";
		};
		B91EE2DF297B207B003FF560 /* EvolveAITests */ = {
			isa = PBXGroup;
			children = (
				B91EE2E0297B207B003FF560 /* EvolveAITests.swift */,
				B91EE2F6297B21EB003FF560 /* EAGoalTest.swift */,
			);
			path = EvolveAITests;
			sourceTree = "<group>";
		};
		B91EE2EC297B2127003FF560 /* EvolveAIUITests */ = {
			isa = PBXGroup;
			children = (
				B91EE2ED297B2127003FF560 /* EvolveAIUITests.swift */,
				B91EE2EF297B2127003FF560 /* EvolveAIUITestsLaunchTests.swift */,
			);
			path = EvolveAIUITests;
			sourceTree = "<group>";
		};
		B9486DF6296D3FAA00A0296E /* DesignSystem */ = {
			isa = PBXGroup;
			children = (
				B9C056E1296D312F007B6DBD /* EATextField.swift */,
				B9486DF7296D3FC700A0296E /* EATextView.swift */,
				B90847DA2971277C00758477 /* EASpinner.swift */,
				B9486DF9296D423A00A0296E /* EAButton.swift */,
				B9486DFB296D495000A0296E /* EASeparator.swift */,
				B9F4D3AE297B86B600AE8959 /* EACheckbox.swift */,
			);
			path = DesignSystem;
			sourceTree = "<group>";
		};
		B9C056612962C16E007B6DBD = {
			isa = PBXGroup;
			children = (
				B91EE2F9297B2AD9003FF560 /* .swiftlint.yml */,
				B9C056A02962EDCD007B6DBD /* Config.xcconfig */,
				B9C0566C2962C16E007B6DBD /* EvolveAI */,
				B91EE2DF297B207B003FF560 /* EvolveAITests */,
				B91EE2EC297B2127003FF560 /* EvolveAIUITests */,
				B9C0566B2962C16E007B6DBD /* Products */,
			);
			sourceTree = "<group>";
		};
		B9C0566B2962C16E007B6DBD /* Products */ = {
			isa = PBXGroup;
			children = (
				B9C0566A2962C16E007B6DBD /* EvolveAI.app */,
				B91EE2DE297B207B003FF560 /* EvolveAITests.xctest */,
				B91EE2EB297B2127003FF560 /* EvolveAIUITests.xctest */,
			);
			name = Products;
			sourceTree = "<group>";
		};
		B9C0566C2962C16E007B6DBD /* EvolveAI */ = {
			isa = PBXGroup;
			children = (
				B9C056CE296BCBDE007B6DBD /* Navigators */,
				B9C056C1296A90A3007B6DBD /* Utility */,
				B9C056AC2968F9B8007B6DBD /* Repository */,
				B9C056872962C1B7007B6DBD /* APIClient */,
				B9C056852962C18A007B6DBD /* Models */,
				B9C056842962C186007B6DBD /* Views */,
				B9C056832962C180007B6DBD /* Resources */,
				B9C056822962C17A007B6DBD /* ViewModels */,
				B9C056812962C174007B6DBD /* Controllers */,
				B9C0567B2962C16F007B6DBD /* Info.plist */,
			);
			path = EvolveAI;
			sourceTree = "<group>";
		};
		B9C056812962C174007B6DBD /* Controllers */ = {
			isa = PBXGroup;
			children = (
				B9C056712962C16E007B6DBD /* EAGoalsListViewController.swift */,
				B9C056CA296BB3CF007B6DBD /* EAGoalViewController.swift */,
				B9C056D3296BCCA1007B6DBD /* EAGoalCreationFormViewController.swift */,
			);
			path = Controllers;
			sourceTree = "<group>";
		};
		B9C056822962C17A007B6DBD /* ViewModels */ = {
			isa = PBXGroup;
			children = (
				B9C056DA296BE93E007B6DBD /* FormQuestionViewModels */,
				B9C056BD296A8B43007B6DBD /* EAGoalViewModel.swift */,
				B90847E0297258EB00758477 /* EADayGuideViewModel.swift */,
			);
			path = ViewModels;
			sourceTree = "<group>";
		};
		B9C056832962C180007B6DBD /* Resources */ = {
			isa = PBXGroup;
			children = (
				B9C056762962C16F007B6DBD /* Assets.xcassets */,
				B9C0566D2962C16E007B6DBD /* AppDelegate.swift */,
				B9C0566F2962C16E007B6DBD /* SceneDelegate.swift */,
			);
			path = Resources;
			sourceTree = "<group>";
		};
		B9C056842962C186007B6DBD /* Views */ = {
			isa = PBXGroup;
			children = (
				B9486DF6296D3FAA00A0296E /* DesignSystem */,
				B9C056D7296BE750007B6DBD /* FormQuestion */,
				B9C056862962C19C007B6DBD /* Storyboards */,
				B9C056A32967D139007B6DBD /* EAFormView.swift */,
				B9C056BB296A887E007B6DBD /* EAGoalsView.swift */,
				B9C056BF296A8E5C007B6DBD /* EAGoalTableViewCell.swift */,
				B9C056CC296BB41B007B6DBD /* EAGoalView.swift */,
				B90847DE2972586A00758477 /* EADayGuideView.swift */,
				B90847E62973C99D00758477 /* EAGoalCollectionViewCell.swift */,
			);
			path = Views;
			sourceTree = "<group>";
		};
		B9C056852962C18A007B6DBD /* Models */ = {
			isa = PBXGroup;
			children = (
				B9C056B229690E10007B6DBD /* APIModels */,
				B9C0569E2962E045007B6DBD /* EAGoal.swift */,
				B9C056A829682203007B6DBD /* EAGoalDayGuide.swift */,
			);
			path = Models;
			sourceTree = "<group>";
		};
		B9C056862962C19C007B6DBD /* Storyboards */ = {
			isa = PBXGroup;
			children = (
				B9C056782962C16F007B6DBD /* LaunchScreen.storyboard */,
			);
			path = Storyboards;
			sourceTree = "<group>";
		};
		B9C056872962C1B7007B6DBD /* APIClient */ = {
			isa = PBXGroup;
			children = (
				B9C056882962C1DD007B6DBD /* EARestAPIService.swift */,
				B90847E829765EA600758477 /* OpenAI */,
				B9C0568E2962C33A007B6DBD /* EAEndpoint.swift */,
				B9C056952962CEAF007B6DBD /* EARequest.swift */,
				B9C056992962D4FD007B6DBD /* HTTPMethod.swift */,
			);
			path = APIClient;
			sourceTree = "<group>";
		};
		B9C056942962CE81007B6DBD /* Requests */ = {
			isa = PBXGroup;
			children = (
				B9C056902962C3BE007B6DBD /* EARequestBody.swift */,
				B9C056922962CE64007B6DBD /* EAOpenAICompletionsRequestBody.swift */,
			);
			path = Requests;
			sourceTree = "<group>";
		};
		B9C0569B2962DD96007B6DBD /* Responses */ = {
			isa = PBXGroup;
			children = (
				B9C0568C2962C2DB007B6DBD /* EAAPIResponse.swift */,
				B9C0569C2962DF7C007B6DBD /* EAOpenAICompletionsResponse.swift */,
			);
			path = Responses;
			sourceTree = "<group>";
		};
		B9C056AC2968F9B8007B6DBD /* Repository */ = {
			isa = PBXGroup;
			children = (
				B9C056AD2968FAEC007B6DBD /* EAGoalsService.swift */,
			);
			path = Repository;
			sourceTree = "<group>";
		};
		B9C056B229690E10007B6DBD /* APIModels */ = {
			isa = PBXGroup;
			children = (
				B9C0569B2962DD96007B6DBD /* Responses */,
				B9C056942962CE81007B6DBD /* Requests */,
			);
			path = APIModels;
			sourceTree = "<group>";
		};
		B9C056C1296A90A3007B6DBD /* Utility */ = {
			isa = PBXGroup;
			children = (
				B9C056D5296BE635007B6DBD /* Constants.swift */,
				B9C056C2296A90AC007B6DBD /* Mocking.swift */,
				B9486DF0296D3A6300A0296E /* EAIncrement.swift */,
				B90847E42973ADC400758477 /* Flags.swift */,
				B90847E9297665A200758477 /* Extensions.swift */,
			);
			path = Utility;
			sourceTree = "<group>";
		};
		B9C056CE296BCBDE007B6DBD /* Navigators */ = {
			isa = PBXGroup;
			children = (
				B9C056CF296BCBE9007B6DBD /* Navigator.swift */,
				B9C056D1296BCC0A007B6DBD /* GoalsListNavigator.swift */,
				B90847E22972CB2200758477 /* NavigationUtility.swift */,
			);
			path = Navigators;
			sourceTree = "<group>";
		};
		B9C056D7296BE750007B6DBD /* FormQuestion */ = {
			isa = PBXGroup;
			children = (
				B9C056A629682069007B6DBD /* EAFormElement.swift */,
				B9C056A12967CEE5007B6DBD /* EAFormElementView.swift */,
				B9C056D8296BE7B6007B6DBD /* EATextFieldQuestionView.swift */,
				B9C056DB296CF8BE007B6DBD /* EACreateGoalQuestionView.swift */,
				B9486DF4296D3CA500A0296E /* EATextViewQuestionView.swift */,
				B90847EB2979012D00758477 /* EAColorSelector.swift */,
			);
			path = FormQuestion;
			sourceTree = "<group>";
		};
		B9C056DA296BE93E007B6DBD /* FormQuestionViewModels */ = {
			isa = PBXGroup;
			children = (
				B9C056AA2968F942007B6DBD /* EATextFieldQuestionViewModel.swift */,
				B9C056DD296CF938007B6DBD /* EACreateGoalQuestionViewModel.swift */,
				B9486DF2296D3C6000A0296E /* EATextViewQuestionViewModel.swift */,
			);
			path = FormQuestionViewModels;
			sourceTree = "<group>";
		};
/* End PBXGroup section */

/* Begin PBXNativeTarget section */
		B91EE2DD297B207B003FF560 /* EvolveAITests */ = {
			isa = PBXNativeTarget;
			buildConfigurationList = B91EE2E4297B207B003FF560 /* Build configuration list for PBXNativeTarget "EvolveAITests" */;
			buildPhases = (
				B91EE2DA297B207B003FF560 /* Sources */,
				B91EE2DB297B207B003FF560 /* Frameworks */,
				B91EE2DC297B207B003FF560 /* Resources */,
			);
			buildRules = (
			);
			dependencies = (
				B91EE2E3297B207B003FF560 /* PBXTargetDependency */,
			);
			name = EvolveAITests;
			productName = EvolveAITests;
			productReference = B91EE2DE297B207B003FF560 /* EvolveAITests.xctest */;
			productType = "com.apple.product-type.bundle.unit-test";
		};
		B91EE2EA297B2127003FF560 /* EvolveAIUITests */ = {
			isa = PBXNativeTarget;
			buildConfigurationList = B91EE2F3297B2127003FF560 /* Build configuration list for PBXNativeTarget "EvolveAIUITests" */;
			buildPhases = (
				B91EE2E7297B2127003FF560 /* Sources */,
				B91EE2E8297B2127003FF560 /* Frameworks */,
				B91EE2E9297B2127003FF560 /* Resources */,
			);
			buildRules = (
			);
			dependencies = (
				B91EE2F2297B2127003FF560 /* PBXTargetDependency */,
			);
			name = EvolveAIUITests;
			productName = EvolveAIUITests;
			productReference = B91EE2EB297B2127003FF560 /* EvolveAIUITests.xctest */;
			productType = "com.apple.product-type.bundle.ui-testing";
		};
		B9C056692962C16E007B6DBD /* EvolveAI */ = {
			isa = PBXNativeTarget;
			buildConfigurationList = B9C0567E2962C16F007B6DBD /* Build configuration list for PBXNativeTarget "EvolveAI" */;
			buildPhases = (
				B9C056662962C16E007B6DBD /* Sources */,
				B9C056672962C16E007B6DBD /* Frameworks */,
				B9C056682962C16E007B6DBD /* Resources */,
				B91EE2F8297B293C003FF560 /* ShellScript */,
			);
			buildRules = (
			);
			dependencies = (
			);
			name = EvolveAI;
			packageProductDependencies = (
				B9F4D3AA297B812700AE8959 /* Realm */,
				B9F4D3AC297B812700AE8959 /* RealmSwift */,
			);
			productName = EvolveAI;
			productReference = B9C0566A2962C16E007B6DBD /* EvolveAI.app */;
			productType = "com.apple.product-type.application";
		};
/* End PBXNativeTarget section */

/* Begin PBXProject section */
		B9C056622962C16E007B6DBD /* Project object */ = {
			isa = PBXProject;
			attributes = {
				BuildIndependentTargetsInParallel = 1;
				LastSwiftUpdateCheck = 1420;
				LastUpgradeCheck = 1420;
				TargetAttributes = {
					B91EE2DD297B207B003FF560 = {
						CreatedOnToolsVersion = 14.2;
						TestTargetID = B9C056692962C16E007B6DBD;
					};
					B91EE2EA297B2127003FF560 = {
						CreatedOnToolsVersion = 14.2;
						TestTargetID = B9C056692962C16E007B6DBD;
					};
					B9C056692962C16E007B6DBD = {
						CreatedOnToolsVersion = 14.2;
					};
				};
			};
			buildConfigurationList = B9C056652962C16E007B6DBD /* Build configuration list for PBXProject "EvolveAI" */;
			compatibilityVersion = "Xcode 13.0";
			developmentRegion = en;
			hasScannedForEncodings = 0;
			knownRegions = (
				en,
				Base,
			);
			mainGroup = B9C056612962C16E007B6DBD;
			packageReferences = (
				B9F4D3A9297B812700AE8959 /* XCRemoteSwiftPackageReference "realm-swift" */,
			);
			productRefGroup = B9C0566B2962C16E007B6DBD /* Products */;
			projectDirPath = "";
			projectRoot = "";
			targets = (
				B9C056692962C16E007B6DBD /* EvolveAI */,
				B91EE2DD297B207B003FF560 /* EvolveAITests */,
				B91EE2EA297B2127003FF560 /* EvolveAIUITests */,
			);
		};
/* End PBXProject section */

/* Begin PBXResourcesBuildPhase section */
		B91EE2DC297B207B003FF560 /* Resources */ = {
			isa = PBXResourcesBuildPhase;
			buildActionMask = 2147483647;
			files = (
			);
			runOnlyForDeploymentPostprocessing = 0;
		};
		B91EE2E9297B2127003FF560 /* Resources */ = {
			isa = PBXResourcesBuildPhase;
			buildActionMask = 2147483647;
			files = (
			);
			runOnlyForDeploymentPostprocessing = 0;
		};
		B9C056682962C16E007B6DBD /* Resources */ = {
			isa = PBXResourcesBuildPhase;
			buildActionMask = 2147483647;
			files = (
				B91EE2FA297B2AD9003FF560 /* .swiftlint.yml in Resources */,
				B9C0567A2962C16F007B6DBD /* LaunchScreen.storyboard in Resources */,
				B9C056772962C16F007B6DBD /* Assets.xcassets in Resources */,
			);
			runOnlyForDeploymentPostprocessing = 0;
		};
/* End PBXResourcesBuildPhase section */

/* Begin PBXShellScriptBuildPhase section */
		B91EE2F8297B293C003FF560 /* ShellScript */ = {
			isa = PBXShellScriptBuildPhase;
			buildActionMask = 2147483647;
			files = (
			);
			inputFileListPaths = (
			);
			inputPaths = (
			);
			outputFileListPaths = (
			);
			outputPaths = (
			);
			runOnlyForDeploymentPostprocessing = 0;
			shellPath = /bin/sh;
			shellScript = "if which swiftlint >/dev/null; then\n  swiftlint\nelse\n  echo \"warning: SwiftLint not installed, download from https://github.com/realm/SwiftLint\"\nfi\n";
			showEnvVarsInLog = 0;
		};
/* End PBXShellScriptBuildPhase section */

/* Begin PBXSourcesBuildPhase section */
		B91EE2DA297B207B003FF560 /* Sources */ = {
			isa = PBXSourcesBuildPhase;
			buildActionMask = 2147483647;
			files = (
				B91EE2F7297B21EB003FF560 /* EAGoalTest.swift in Sources */,
				B91EE2E1297B207B003FF560 /* EvolveAITests.swift in Sources */,
			);
			runOnlyForDeploymentPostprocessing = 0;
		};
		B91EE2E7297B2127003FF560 /* Sources */ = {
			isa = PBXSourcesBuildPhase;
			buildActionMask = 2147483647;
			files = (
				B91EE2F0297B2127003FF560 /* EvolveAIUITestsLaunchTests.swift in Sources */,
				B91EE2EE297B2127003FF560 /* EvolveAIUITests.swift in Sources */,
			);
			runOnlyForDeploymentPostprocessing = 0;
		};
		B9C056662962C16E007B6DBD /* Sources */ = {
			isa = PBXSourcesBuildPhase;
			buildActionMask = 2147483647;
			files = (
				B9486DFE296D4DC000A0296E /* EAOpenAIEndpoint.swift in Sources */,
				B9C0568F2962C33A007B6DBD /* EAEndpoint.swift in Sources */,
				B90847E32972CB2200758477 /* NavigationUtility.swift in Sources */,
				B90847E1297258EB00758477 /* EADayGuideViewModel.swift in Sources */,
				B9486DF3296D3C6000A0296E /* EATextViewQuestionViewModel.swift in Sources */,
				B9C056AB2968F942007B6DBD /* EATextFieldQuestionViewModel.swift in Sources */,
				B90847DF2972586A00758477 /* EADayGuideView.swift in Sources */,
				B9C056D0296BCBE9007B6DBD /* Navigator.swift in Sources */,
				B90847E72973C99D00758477 /* EAGoalCollectionViewCell.swift in Sources */,
				B9C056722962C16E007B6DBD /* EAGoalsListViewController.swift in Sources */,
				B9C056C0296A8E5C007B6DBD /* EAGoalTableViewCell.swift in Sources */,
				B9C056D6296BE635007B6DBD /* Constants.swift in Sources */,
				B9C056E2296D312F007B6DBD /* EATextField.swift in Sources */,
				B9C056892962C1DD007B6DBD /* EARestAPIService.swift in Sources */,
				B9C056912962C3BE007B6DBD /* EARequestBody.swift in Sources */,
				B9C056932962CE64007B6DBD /* EAOpenAICompletionsRequestBody.swift in Sources */,
				B9C056DC296CF8BE007B6DBD /* EACreateGoalQuestionView.swift in Sources */,
				B9C056DE296CF938007B6DBD /* EACreateGoalQuestionViewModel.swift in Sources */,
				B9C0566E2962C16E007B6DBD /* AppDelegate.swift in Sources */,
				B9C056D9296BE7B6007B6DBD /* EATextFieldQuestionView.swift in Sources */,
				B9486DF8296D3FC700A0296E /* EATextView.swift in Sources */,
				B9C056D4296BCCA1007B6DBD /* EAGoalCreationFormViewController.swift in Sources */,
				B9C056BE296A8B43007B6DBD /* EAGoalViewModel.swift in Sources */,
				B90847EC2979012D00758477 /* EAColorSelector.swift in Sources */,
				B9486DFA296D423A00A0296E /* EAButton.swift in Sources */,
				B9C056CD296BB41B007B6DBD /* EAGoalView.swift in Sources */,
				B9C0569F2962E045007B6DBD /* EAGoal.swift in Sources */,
				B9C056BC296A887E007B6DBD /* EAGoalsView.swift in Sources */,
				B9C056AE2968FAEC007B6DBD /* EAGoalsService.swift in Sources */,
				B9C056982962D28D007B6DBD /* EAOpenAICompletionsModel.swift in Sources */,
				B90847DB2971277C00758477 /* EASpinner.swift in Sources */,
				B9C056A42967D139007B6DBD /* EAFormView.swift in Sources */,
				B9C056702962C16E007B6DBD /* SceneDelegate.swift in Sources */,
				B9C0569A2962D4FD007B6DBD /* HTTPMethod.swift in Sources */,
				B9C056C3296A90AC007B6DBD /* Mocking.swift in Sources */,
				B9C056A729682069007B6DBD /* EAFormElement.swift in Sources */,
				B90847E52973ADC400758477 /* Flags.swift in Sources */,
				B9C0568D2962C2DB007B6DBD /* EAAPIResponse.swift in Sources */,
				B9C0568B2962C24A007B6DBD /* EAOpenAIRequest.swift in Sources */,
				B9486DF1296D3A6300A0296E /* EAIncrement.swift in Sources */,
				B9F4D3AF297B86B600AE8959 /* EACheckbox.swift in Sources */,
				B9C056A929682203007B6DBD /* EAGoalDayGuide.swift in Sources */,
				B9C056CB296BB3CF007B6DBD /* EAGoalViewController.swift in Sources */,
				B9C056D2296BCC0A007B6DBD /* GoalsListNavigator.swift in Sources */,
				B9C0569D2962DF7C007B6DBD /* EAOpenAICompletionsResponse.swift in Sources */,
				B90847EA297665A200758477 /* Extensions.swift in Sources */,
				B9486DFC296D495000A0296E /* EASeparator.swift in Sources */,
				B9C056A22967CEE5007B6DBD /* EAFormElementView.swift in Sources */,
				B9486DF5296D3CA500A0296E /* EATextViewQuestionView.swift in Sources */,
				B9C056962962CEAF007B6DBD /* EARequest.swift in Sources */,
			);
			runOnlyForDeploymentPostprocessing = 0;
		};
/* End PBXSourcesBuildPhase section */

/* Begin PBXTargetDependency section */
		B91EE2E3297B207B003FF560 /* PBXTargetDependency */ = {
			isa = PBXTargetDependency;
			target = B9C056692962C16E007B6DBD /* EvolveAI */;
			targetProxy = B91EE2E2297B207B003FF560 /* PBXContainerItemProxy */;
		};
		B91EE2F2297B2127003FF560 /* PBXTargetDependency */ = {
			isa = PBXTargetDependency;
			target = B9C056692962C16E007B6DBD /* EvolveAI */;
			targetProxy = B91EE2F1297B2127003FF560 /* PBXContainerItemProxy */;
		};
/* End PBXTargetDependency section */

/* Begin PBXVariantGroup section */
		B9C056782962C16F007B6DBD /* LaunchScreen.storyboard */ = {
			isa = PBXVariantGroup;
			children = (
				B9C056792962C16F007B6DBD /* Base */,
			);
			name = LaunchScreen.storyboard;
			sourceTree = "<group>";
		};
/* End PBXVariantGroup section */

/* Begin XCBuildConfiguration section */
		B91EE2E5297B207B003FF560 /* Debug */ = {
			isa = XCBuildConfiguration;
			buildSettings = {
				BUNDLE_LOADER = "$(TEST_HOST)";
				CODE_SIGN_STYLE = Automatic;
				CURRENT_PROJECT_VERSION = 1;
				DEVELOPMENT_TEAM = VJUSE27PV3;
				ENABLE_TESTING_SEARCH_PATHS = YES;
				GENERATE_INFOPLIST_FILE = YES;
				MARKETING_VERSION = 1.0;
				PRODUCT_BUNDLE_IDENTIFIER = vikramsingh.EvolveAITests;
				PRODUCT_NAME = "$(TARGET_NAME)";
				SWIFT_EMIT_LOC_STRINGS = NO;
				SWIFT_VERSION = 5.0;
				TARGETED_DEVICE_FAMILY = "1,2";
				TEST_HOST = "$(BUILT_PRODUCTS_DIR)/EvolveAI.app/$(BUNDLE_EXECUTABLE_FOLDER_PATH)/EvolveAI";
			};
			name = Debug;
		};
		B91EE2E6297B207B003FF560 /* Release */ = {
			isa = XCBuildConfiguration;
			buildSettings = {
				BUNDLE_LOADER = "$(TEST_HOST)";
				CODE_SIGN_STYLE = Automatic;
				CURRENT_PROJECT_VERSION = 1;
				DEVELOPMENT_TEAM = VJUSE27PV3;
				ENABLE_TESTING_SEARCH_PATHS = YES;
				GENERATE_INFOPLIST_FILE = YES;
				MARKETING_VERSION = 1.0;
				PRODUCT_BUNDLE_IDENTIFIER = vikramsingh.EvolveAITests;
				PRODUCT_NAME = "$(TARGET_NAME)";
				SWIFT_EMIT_LOC_STRINGS = NO;
				SWIFT_VERSION = 5.0;
				TARGETED_DEVICE_FAMILY = "1,2";
				TEST_HOST = "$(BUILT_PRODUCTS_DIR)/EvolveAI.app/$(BUNDLE_EXECUTABLE_FOLDER_PATH)/EvolveAI";
			};
			name = Release;
		};
		B91EE2F4297B2127003FF560 /* Debug */ = {
			isa = XCBuildConfiguration;
			buildSettings = {
				CODE_SIGN_STYLE = Automatic;
				CURRENT_PROJECT_VERSION = 1;
				DEVELOPMENT_TEAM = VJUSE27PV3;
				ENABLE_TESTING_SEARCH_PATHS = YES;
				GENERATE_INFOPLIST_FILE = YES;
				MARKETING_VERSION = 1.0;
				PRODUCT_BUNDLE_IDENTIFIER = vikramsingh.EvolveAIUITests;
				PRODUCT_NAME = "$(TARGET_NAME)";
				SWIFT_EMIT_LOC_STRINGS = NO;
				SWIFT_VERSION = 5.0;
				TARGETED_DEVICE_FAMILY = "1,2";
				TEST_TARGET_NAME = EvolveAI;
			};
			name = Debug;
		};
		B91EE2F5297B2127003FF560 /* Release */ = {
			isa = XCBuildConfiguration;
			buildSettings = {
				CODE_SIGN_STYLE = Automatic;
				CURRENT_PROJECT_VERSION = 1;
				DEVELOPMENT_TEAM = VJUSE27PV3;
				ENABLE_TESTING_SEARCH_PATHS = YES;
				GENERATE_INFOPLIST_FILE = YES;
				MARKETING_VERSION = 1.0;
				PRODUCT_BUNDLE_IDENTIFIER = vikramsingh.EvolveAIUITests;
				PRODUCT_NAME = "$(TARGET_NAME)";
				SWIFT_EMIT_LOC_STRINGS = NO;
				SWIFT_VERSION = 5.0;
				TARGETED_DEVICE_FAMILY = "1,2";
				TEST_TARGET_NAME = EvolveAI;
			};
			name = Release;
		};
		B9C0567C2962C16F007B6DBD /* Debug */ = {
			isa = XCBuildConfiguration;
			baseConfigurationReference = B9C056A02962EDCD007B6DBD /* Config.xcconfig */;
			buildSettings = {
				ALWAYS_SEARCH_USER_PATHS = NO;
				CLANG_ANALYZER_NONNULL = YES;
				CLANG_ANALYZER_NUMBER_OBJECT_CONVERSION = YES_AGGRESSIVE;
				CLANG_CXX_LANGUAGE_STANDARD = "gnu++20";
				CLANG_ENABLE_MODULES = YES;
				CLANG_ENABLE_OBJC_ARC = YES;
				CLANG_ENABLE_OBJC_WEAK = YES;
				CLANG_WARN_BLOCK_CAPTURE_AUTORELEASING = YES;
				CLANG_WARN_BOOL_CONVERSION = YES;
				CLANG_WARN_COMMA = YES;
				CLANG_WARN_CONSTANT_CONVERSION = YES;
				CLANG_WARN_DEPRECATED_OBJC_IMPLEMENTATIONS = YES;
				CLANG_WARN_DIRECT_OBJC_ISA_USAGE = YES_ERROR;
				CLANG_WARN_DOCUMENTATION_COMMENTS = YES;
				CLANG_WARN_EMPTY_BODY = YES;
				CLANG_WARN_ENUM_CONVERSION = YES;
				CLANG_WARN_INFINITE_RECURSION = YES;
				CLANG_WARN_INT_CONVERSION = YES;
				CLANG_WARN_NON_LITERAL_NULL_CONVERSION = YES;
				CLANG_WARN_OBJC_IMPLICIT_RETAIN_SELF = YES;
				CLANG_WARN_OBJC_LITERAL_CONVERSION = YES;
				CLANG_WARN_OBJC_ROOT_CLASS = YES_ERROR;
				CLANG_WARN_QUOTED_INCLUDE_IN_FRAMEWORK_HEADER = YES;
				CLANG_WARN_RANGE_LOOP_ANALYSIS = YES;
				CLANG_WARN_STRICT_PROTOTYPES = YES;
				CLANG_WARN_SUSPICIOUS_MOVE = YES;
				CLANG_WARN_UNGUARDED_AVAILABILITY = YES_AGGRESSIVE;
				CLANG_WARN_UNREACHABLE_CODE = YES;
				CLANG_WARN__DUPLICATE_METHOD_MATCH = YES;
				COPY_PHASE_STRIP = NO;
				DEBUG_INFORMATION_FORMAT = dwarf;
				ENABLE_STRICT_OBJC_MSGSEND = YES;
				ENABLE_TESTABILITY = YES;
				ENABLE_TESTING_SEARCH_PATHS = NO;
				GCC_C_LANGUAGE_STANDARD = gnu11;
				GCC_DYNAMIC_NO_PIC = NO;
				GCC_NO_COMMON_BLOCKS = YES;
				GCC_OPTIMIZATION_LEVEL = 0;
				GCC_PREPROCESSOR_DEFINITIONS = (
					"DEBUG=1",
					"$(inherited)",
				);
				GCC_WARN_64_TO_32_BIT_CONVERSION = YES;
				GCC_WARN_ABOUT_RETURN_TYPE = YES_ERROR;
				GCC_WARN_UNDECLARED_SELECTOR = YES;
				GCC_WARN_UNINITIALIZED_AUTOS = YES_AGGRESSIVE;
				GCC_WARN_UNUSED_FUNCTION = YES;
				GCC_WARN_UNUSED_VARIABLE = YES;
				IPHONEOS_DEPLOYMENT_TARGET = 13.0;
				MTL_ENABLE_DEBUG_INFO = INCLUDE_SOURCE;
				MTL_FAST_MATH = YES;
				ONLY_ACTIVE_ARCH = YES;
				SDKROOT = iphoneos;
				SWIFT_ACTIVE_COMPILATION_CONDITIONS = DEBUG;
				SWIFT_OPTIMIZATION_LEVEL = "-Onone";
			};
			name = Debug;
		};
		B9C0567D2962C16F007B6DBD /* Release */ = {
			isa = XCBuildConfiguration;
			baseConfigurationReference = B9C056A02962EDCD007B6DBD /* Config.xcconfig */;
			buildSettings = {
				ALWAYS_SEARCH_USER_PATHS = NO;
				CLANG_ANALYZER_NONNULL = YES;
				CLANG_ANALYZER_NUMBER_OBJECT_CONVERSION = YES_AGGRESSIVE;
				CLANG_CXX_LANGUAGE_STANDARD = "gnu++20";
				CLANG_ENABLE_MODULES = YES;
				CLANG_ENABLE_OBJC_ARC = YES;
				CLANG_ENABLE_OBJC_WEAK = YES;
				CLANG_WARN_BLOCK_CAPTURE_AUTORELEASING = YES;
				CLANG_WARN_BOOL_CONVERSION = YES;
				CLANG_WARN_COMMA = YES;
				CLANG_WARN_CONSTANT_CONVERSION = YES;
				CLANG_WARN_DEPRECATED_OBJC_IMPLEMENTATIONS = YES;
				CLANG_WARN_DIRECT_OBJC_ISA_USAGE = YES_ERROR;
				CLANG_WARN_DOCUMENTATION_COMMENTS = YES;
				CLANG_WARN_EMPTY_BODY = YES;
				CLANG_WARN_ENUM_CONVERSION = YES;
				CLANG_WARN_INFINITE_RECURSION = YES;
				CLANG_WARN_INT_CONVERSION = YES;
				CLANG_WARN_NON_LITERAL_NULL_CONVERSION = YES;
				CLANG_WARN_OBJC_IMPLICIT_RETAIN_SELF = YES;
				CLANG_WARN_OBJC_LITERAL_CONVERSION = YES;
				CLANG_WARN_OBJC_ROOT_CLASS = YES_ERROR;
				CLANG_WARN_QUOTED_INCLUDE_IN_FRAMEWORK_HEADER = YES;
				CLANG_WARN_RANGE_LOOP_ANALYSIS = YES;
				CLANG_WARN_STRICT_PROTOTYPES = YES;
				CLANG_WARN_SUSPICIOUS_MOVE = YES;
				CLANG_WARN_UNGUARDED_AVAILABILITY = YES_AGGRESSIVE;
				CLANG_WARN_UNREACHABLE_CODE = YES;
				CLANG_WARN__DUPLICATE_METHOD_MATCH = YES;
				COPY_PHASE_STRIP = NO;
				DEBUG_INFORMATION_FORMAT = "dwarf-with-dsym";
				ENABLE_NS_ASSERTIONS = NO;
				ENABLE_STRICT_OBJC_MSGSEND = YES;
				ENABLE_TESTING_SEARCH_PATHS = NO;
				GCC_C_LANGUAGE_STANDARD = gnu11;
				GCC_NO_COMMON_BLOCKS = YES;
				GCC_WARN_64_TO_32_BIT_CONVERSION = YES;
				GCC_WARN_ABOUT_RETURN_TYPE = YES_ERROR;
				GCC_WARN_UNDECLARED_SELECTOR = YES;
				GCC_WARN_UNINITIALIZED_AUTOS = YES_AGGRESSIVE;
				GCC_WARN_UNUSED_FUNCTION = YES;
				GCC_WARN_UNUSED_VARIABLE = YES;
				IPHONEOS_DEPLOYMENT_TARGET = 13.0;
				MTL_ENABLE_DEBUG_INFO = NO;
				MTL_FAST_MATH = YES;
				SDKROOT = iphoneos;
				SWIFT_COMPILATION_MODE = wholemodule;
				SWIFT_OPTIMIZATION_LEVEL = "-O";
				VALIDATE_PRODUCT = YES;
			};
			name = Release;
		};
		B9C0567F2962C16F007B6DBD /* Debug */ = {
			isa = XCBuildConfiguration;
			buildSettings = {
				ASSETCATALOG_COMPILER_APPICON_NAME = AppIcon;
				ASSETCATALOG_COMPILER_GLOBAL_ACCENT_COLOR_NAME = AccentColor;
				CODE_SIGN_STYLE = Automatic;
				CURRENT_PROJECT_VERSION = 1;
				DEVELOPMENT_TEAM = VJUSE27PV3;
				ENABLE_TESTING_SEARCH_PATHS = NO;
				GENERATE_INFOPLIST_FILE = YES;
				INFOPLIST_FILE = EvolveAI/Info.plist;
				INFOPLIST_KEY_CFBundleDisplayName = EvolveAI;
				INFOPLIST_KEY_LSApplicationCategoryType = "public.app-category.productivity";
				INFOPLIST_KEY_UIApplicationSupportsIndirectInputEvents = YES;
				INFOPLIST_KEY_UILaunchStoryboardName = LaunchScreen.storyboard;
				INFOPLIST_KEY_UISupportedInterfaceOrientations = UIInterfaceOrientationPortrait;
				LD_RUNPATH_SEARCH_PATHS = (
					"$(inherited)",
					"@executable_path/Frameworks",
				);
				MARKETING_VERSION = 1.0;
				PRODUCT_BUNDLE_IDENTIFIER = "com.vikramsingh.evolve-ai";
				PRODUCT_NAME = "$(TARGET_NAME)";
				SWIFT_EMIT_LOC_STRINGS = YES;
				SWIFT_VERSION = 5.0;
				TARGETED_DEVICE_FAMILY = "1,2";
			};
			name = Debug;
		};
		B9C056802962C16F007B6DBD /* Release */ = {
			isa = XCBuildConfiguration;
			buildSettings = {
				ASSETCATALOG_COMPILER_APPICON_NAME = AppIcon;
				ASSETCATALOG_COMPILER_GLOBAL_ACCENT_COLOR_NAME = AccentColor;
				CODE_SIGN_STYLE = Automatic;
				CURRENT_PROJECT_VERSION = 1;
				DEVELOPMENT_TEAM = VJUSE27PV3;
				ENABLE_TESTING_SEARCH_PATHS = NO;
				GENERATE_INFOPLIST_FILE = YES;
				INFOPLIST_FILE = EvolveAI/Info.plist;
				INFOPLIST_KEY_CFBundleDisplayName = EvolveAI;
				INFOPLIST_KEY_LSApplicationCategoryType = "public.app-category.productivity";
				INFOPLIST_KEY_UIApplicationSupportsIndirectInputEvents = YES;
				INFOPLIST_KEY_UILaunchStoryboardName = LaunchScreen.storyboard;
				INFOPLIST_KEY_UISupportedInterfaceOrientations = UIInterfaceOrientationPortrait;
				LD_RUNPATH_SEARCH_PATHS = (
					"$(inherited)",
					"@executable_path/Frameworks",
				);
				MARKETING_VERSION = 1.0;
				PRODUCT_BUNDLE_IDENTIFIER = "com.vikramsingh.evolve-ai";
				PRODUCT_NAME = "$(TARGET_NAME)";
				SWIFT_EMIT_LOC_STRINGS = YES;
				SWIFT_VERSION = 5.0;
				TARGETED_DEVICE_FAMILY = "1,2";
			};
			name = Release;
		};
/* End XCBuildConfiguration section */

/* Begin XCConfigurationList section */
		B91EE2E4297B207B003FF560 /* Build configuration list for PBXNativeTarget "EvolveAITests" */ = {
			isa = XCConfigurationList;
			buildConfigurations = (
				B91EE2E5297B207B003FF560 /* Debug */,
				B91EE2E6297B207B003FF560 /* Release */,
			);
			defaultConfigurationIsVisible = 0;
			defaultConfigurationName = Release;
		};
		B91EE2F3297B2127003FF560 /* Build configuration list for PBXNativeTarget "EvolveAIUITests" */ = {
			isa = XCConfigurationList;
			buildConfigurations = (
				B91EE2F4297B2127003FF560 /* Debug */,
				B91EE2F5297B2127003FF560 /* Release */,
			);
			defaultConfigurationIsVisible = 0;
			defaultConfigurationName = Release;
		};
		B9C056652962C16E007B6DBD /* Build configuration list for PBXProject "EvolveAI" */ = {
			isa = XCConfigurationList;
			buildConfigurations = (
				B9C0567C2962C16F007B6DBD /* Debug */,
				B9C0567D2962C16F007B6DBD /* Release */,
			);
			defaultConfigurationIsVisible = 0;
			defaultConfigurationName = Release;
		};
		B9C0567E2962C16F007B6DBD /* Build configuration list for PBXNativeTarget "EvolveAI" */ = {
			isa = XCConfigurationList;
			buildConfigurations = (
				B9C0567F2962C16F007B6DBD /* Debug */,
				B9C056802962C16F007B6DBD /* Release */,
			);
			defaultConfigurationIsVisible = 0;
			defaultConfigurationName = Release;
		};
/* End XCConfigurationList section */

/* Begin XCRemoteSwiftPackageReference section */
		B9F4D3A9297B812700AE8959 /* XCRemoteSwiftPackageReference "realm-swift" */ = {
			isa = XCRemoteSwiftPackageReference;
			repositoryURL = "https://github.com/realm/realm-swift.git";
			requirement = {
				branch = master;
				kind = branch;
			};
		};
/* End XCRemoteSwiftPackageReference section */

/* Begin XCSwiftPackageProductDependency section */
		B9F4D3AA297B812700AE8959 /* Realm */ = {
			isa = XCSwiftPackageProductDependency;
			package = B9F4D3A9297B812700AE8959 /* XCRemoteSwiftPackageReference "realm-swift" */;
			productName = Realm;
		};
		B9F4D3AC297B812700AE8959 /* RealmSwift */ = {
			isa = XCSwiftPackageProductDependency;
			package = B9F4D3A9297B812700AE8959 /* XCRemoteSwiftPackageReference "realm-swift" */;
			productName = RealmSwift;
		};
/* End XCSwiftPackageProductDependency section */
	};
	rootObject = B9C056622962C16E007B6DBD /* Project object */;
}
