// !$*UTF8*$!
{
	archiveVersion = 1;
	classes = {
	};
	objectVersion = 55;
	objects = {

/* Begin PBXBuildFile section */
		8C1805FEDA7C7AE9F7F18876 /* Pods_EvolveAI.framework in Frameworks */ = {isa = PBXBuildFile; fileRef = 62A36FAB8FE25BA05F18D066 /* Pods_EvolveAI.framework */; };
		B9C0566E2962C16E007B6DBD /* AppDelegate.swift in Sources */ = {isa = PBXBuildFile; fileRef = B9C0566D2962C16E007B6DBD /* AppDelegate.swift */; };
		B9C056702962C16E007B6DBD /* SceneDelegate.swift in Sources */ = {isa = PBXBuildFile; fileRef = B9C0566F2962C16E007B6DBD /* SceneDelegate.swift */; };
		B9C056722962C16E007B6DBD /* EAGoalsViewController.swift in Sources */ = {isa = PBXBuildFile; fileRef = B9C056712962C16E007B6DBD /* EAGoalsViewController.swift */; };
		B9C056772962C16F007B6DBD /* Assets.xcassets in Resources */ = {isa = PBXBuildFile; fileRef = B9C056762962C16F007B6DBD /* Assets.xcassets */; };
		B9C0567A2962C16F007B6DBD /* LaunchScreen.storyboard in Resources */ = {isa = PBXBuildFile; fileRef = B9C056782962C16F007B6DBD /* LaunchScreen.storyboard */; };
		B9C056892962C1DD007B6DBD /* EAService.swift in Sources */ = {isa = PBXBuildFile; fileRef = B9C056882962C1DD007B6DBD /* EAService.swift */; };
		B9C0568B2962C24A007B6DBD /* EAOpenAIRequest.swift in Sources */ = {isa = PBXBuildFile; fileRef = B9C0568A2962C24A007B6DBD /* EAOpenAIRequest.swift */; };
		B9C0568D2962C2DB007B6DBD /* EAAPIResponse.swift in Sources */ = {isa = PBXBuildFile; fileRef = B9C0568C2962C2DB007B6DBD /* EAAPIResponse.swift */; };
		B9C0568F2962C33A007B6DBD /* EAEndpoint.swift in Sources */ = {isa = PBXBuildFile; fileRef = B9C0568E2962C33A007B6DBD /* EAEndpoint.swift */; };
		B9C056912962C3BE007B6DBD /* EARequestBody.swift in Sources */ = {isa = PBXBuildFile; fileRef = B9C056902962C3BE007B6DBD /* EARequestBody.swift */; };
		B9C056932962CE64007B6DBD /* EAOpenAICompletionsRequestBody.swift in Sources */ = {isa = PBXBuildFile; fileRef = B9C056922962CE64007B6DBD /* EAOpenAICompletionsRequestBody.swift */; };
		B9C056962962CEAF007B6DBD /* EARequest.swift in Sources */ = {isa = PBXBuildFile; fileRef = B9C056952962CEAF007B6DBD /* EARequest.swift */; };
		B9C056982962D28D007B6DBD /* EAOpenAICompletionsModel.swift in Sources */ = {isa = PBXBuildFile; fileRef = B9C056972962D28D007B6DBD /* EAOpenAICompletionsModel.swift */; };
		B9C0569A2962D4FD007B6DBD /* HTTPMethod.swift in Sources */ = {isa = PBXBuildFile; fileRef = B9C056992962D4FD007B6DBD /* HTTPMethod.swift */; };
		B9C0569D2962DF7C007B6DBD /* EAOpenAICompletionsResponse.swift in Sources */ = {isa = PBXBuildFile; fileRef = B9C0569C2962DF7C007B6DBD /* EAOpenAICompletionsResponse.swift */; };
		B9C0569F2962E045007B6DBD /* EAGoal.swift in Sources */ = {isa = PBXBuildFile; fileRef = B9C0569E2962E045007B6DBD /* EAGoal.swift */; };
		B9C056A22967CEE5007B6DBD /* EAFormQuestionView.swift in Sources */ = {isa = PBXBuildFile; fileRef = B9C056A12967CEE5007B6DBD /* EAFormQuestionView.swift */; };
		B9C056A42967D139007B6DBD /* EAFormView.swift in Sources */ = {isa = PBXBuildFile; fileRef = B9C056A32967D139007B6DBD /* EAFormView.swift */; };
		B9C056A729682069007B6DBD /* EAFormQuestionType.swift in Sources */ = {isa = PBXBuildFile; fileRef = B9C056A629682069007B6DBD /* EAFormQuestionType.swift */; };
		B9C056A929682203007B6DBD /* EAGoalDayGuide.swift in Sources */ = {isa = PBXBuildFile; fileRef = B9C056A829682203007B6DBD /* EAGoalDayGuide.swift */; };
		B9C056AB2968F942007B6DBD /* EATextfieldQuestionViewModel.swift in Sources */ = {isa = PBXBuildFile; fileRef = B9C056AA2968F942007B6DBD /* EATextfieldQuestionViewModel.swift */; };
		B9C056AE2968FAEC007B6DBD /* EAGoalsService.swift in Sources */ = {isa = PBXBuildFile; fileRef = B9C056AD2968FAEC007B6DBD /* EAGoalsService.swift */; };
		B9C056BC296A887E007B6DBD /* EAGoalsView.swift in Sources */ = {isa = PBXBuildFile; fileRef = B9C056BB296A887E007B6DBD /* EAGoalsView.swift */; };
		B9C056BE296A8B43007B6DBD /* EAGoalViewModel.swift in Sources */ = {isa = PBXBuildFile; fileRef = B9C056BD296A8B43007B6DBD /* EAGoalViewModel.swift */; };
		B9C056C0296A8E5C007B6DBD /* EAGoalTableViewCell.swift in Sources */ = {isa = PBXBuildFile; fileRef = B9C056BF296A8E5C007B6DBD /* EAGoalTableViewCell.swift */; };
		B9C056C3296A90AC007B6DBD /* Mocking.swift in Sources */ = {isa = PBXBuildFile; fileRef = B9C056C2296A90AC007B6DBD /* Mocking.swift */; };
		B9C056CB296BB3CF007B6DBD /* EAGoalViewController.swift in Sources */ = {isa = PBXBuildFile; fileRef = B9C056CA296BB3CF007B6DBD /* EAGoalViewController.swift */; };
		B9C056CD296BB41B007B6DBD /* EAGoalView.swift in Sources */ = {isa = PBXBuildFile; fileRef = B9C056CC296BB41B007B6DBD /* EAGoalView.swift */; };
		B9C056D0296BCBE9007B6DBD /* Navigator.swift in Sources */ = {isa = PBXBuildFile; fileRef = B9C056CF296BCBE9007B6DBD /* Navigator.swift */; };
		B9C056D2296BCC0A007B6DBD /* GoalsListNavigator.swift in Sources */ = {isa = PBXBuildFile; fileRef = B9C056D1296BCC0A007B6DBD /* GoalsListNavigator.swift */; };
		B9C056D4296BCCA1007B6DBD /* EAGoalCreationFormViewController.swift in Sources */ = {isa = PBXBuildFile; fileRef = B9C056D3296BCCA1007B6DBD /* EAGoalCreationFormViewController.swift */; };
		B9C056D6296BE635007B6DBD /* Constants.swift in Sources */ = {isa = PBXBuildFile; fileRef = B9C056D5296BE635007B6DBD /* Constants.swift */; };
		B9C056D9296BE7B6007B6DBD /* EATextfieldQuestionView.swift in Sources */ = {isa = PBXBuildFile; fileRef = B9C056D8296BE7B6007B6DBD /* EATextfieldQuestionView.swift */; };
		B9C056DC296CF8BE007B6DBD /* EACreateGoalQuestionView.swift in Sources */ = {isa = PBXBuildFile; fileRef = B9C056DB296CF8BE007B6DBD /* EACreateGoalQuestionView.swift */; };
		B9C056DE296CF938007B6DBD /* EACreateGoalQuestionViewModel.swift in Sources */ = {isa = PBXBuildFile; fileRef = B9C056DD296CF938007B6DBD /* EACreateGoalQuestionViewModel.swift */; };
		B9C056E0296D006C007B6DBD /* EAFontSize.swift in Sources */ = {isa = PBXBuildFile; fileRef = B9C056DF296D006C007B6DBD /* EAFontSize.swift */; };
/* End PBXBuildFile section */

/* Begin PBXFileReference section */
		62A36FAB8FE25BA05F18D066 /* Pods_EvolveAI.framework */ = {isa = PBXFileReference; explicitFileType = wrapper.framework; includeInIndex = 0; path = Pods_EvolveAI.framework; sourceTree = BUILT_PRODUCTS_DIR; };
		AA9E5E8A7DA148873A3B5B67 /* Pods-EvolveAI.release.xcconfig */ = {isa = PBXFileReference; includeInIndex = 1; lastKnownFileType = text.xcconfig; name = "Pods-EvolveAI.release.xcconfig"; path = "Target Support Files/Pods-EvolveAI/Pods-EvolveAI.release.xcconfig"; sourceTree = "<group>"; };
		B9C0566A2962C16E007B6DBD /* EvolveAI.app */ = {isa = PBXFileReference; explicitFileType = wrapper.application; includeInIndex = 0; path = EvolveAI.app; sourceTree = BUILT_PRODUCTS_DIR; };
		B9C0566D2962C16E007B6DBD /* AppDelegate.swift */ = {isa = PBXFileReference; lastKnownFileType = sourcecode.swift; path = AppDelegate.swift; sourceTree = "<group>"; };
		B9C0566F2962C16E007B6DBD /* SceneDelegate.swift */ = {isa = PBXFileReference; lastKnownFileType = sourcecode.swift; path = SceneDelegate.swift; sourceTree = "<group>"; };
		B9C056712962C16E007B6DBD /* EAGoalsViewController.swift */ = {isa = PBXFileReference; lastKnownFileType = sourcecode.swift; path = EAGoalsViewController.swift; sourceTree = "<group>"; };
		B9C056762962C16F007B6DBD /* Assets.xcassets */ = {isa = PBXFileReference; lastKnownFileType = folder.assetcatalog; path = Assets.xcassets; sourceTree = "<group>"; };
		B9C056792962C16F007B6DBD /* Base */ = {isa = PBXFileReference; lastKnownFileType = file.storyboard; name = Base; path = Base.lproj/LaunchScreen.storyboard; sourceTree = "<group>"; };
		B9C0567B2962C16F007B6DBD /* Info.plist */ = {isa = PBXFileReference; lastKnownFileType = text.plist.xml; path = Info.plist; sourceTree = "<group>"; };
		B9C056882962C1DD007B6DBD /* EAService.swift */ = {isa = PBXFileReference; lastKnownFileType = sourcecode.swift; path = EAService.swift; sourceTree = "<group>"; };
		B9C0568A2962C24A007B6DBD /* EAOpenAIRequest.swift */ = {isa = PBXFileReference; lastKnownFileType = sourcecode.swift; path = EAOpenAIRequest.swift; sourceTree = "<group>"; };
		B9C0568C2962C2DB007B6DBD /* EAAPIResponse.swift */ = {isa = PBXFileReference; lastKnownFileType = sourcecode.swift; path = EAAPIResponse.swift; sourceTree = "<group>"; };
		B9C0568E2962C33A007B6DBD /* EAEndpoint.swift */ = {isa = PBXFileReference; lastKnownFileType = sourcecode.swift; path = EAEndpoint.swift; sourceTree = "<group>"; };
		B9C056902962C3BE007B6DBD /* EARequestBody.swift */ = {isa = PBXFileReference; lastKnownFileType = sourcecode.swift; path = EARequestBody.swift; sourceTree = "<group>"; };
		B9C056922962CE64007B6DBD /* EAOpenAICompletionsRequestBody.swift */ = {isa = PBXFileReference; lastKnownFileType = sourcecode.swift; path = EAOpenAICompletionsRequestBody.swift; sourceTree = "<group>"; };
		B9C056952962CEAF007B6DBD /* EARequest.swift */ = {isa = PBXFileReference; lastKnownFileType = sourcecode.swift; path = EARequest.swift; sourceTree = "<group>"; };
		B9C056972962D28D007B6DBD /* EAOpenAICompletionsModel.swift */ = {isa = PBXFileReference; lastKnownFileType = sourcecode.swift; path = EAOpenAICompletionsModel.swift; sourceTree = "<group>"; };
		B9C056992962D4FD007B6DBD /* HTTPMethod.swift */ = {isa = PBXFileReference; lastKnownFileType = sourcecode.swift; path = HTTPMethod.swift; sourceTree = "<group>"; };
		B9C0569C2962DF7C007B6DBD /* EAOpenAICompletionsResponse.swift */ = {isa = PBXFileReference; lastKnownFileType = sourcecode.swift; path = EAOpenAICompletionsResponse.swift; sourceTree = "<group>"; };
		B9C0569E2962E045007B6DBD /* EAGoal.swift */ = {isa = PBXFileReference; lastKnownFileType = sourcecode.swift; path = EAGoal.swift; sourceTree = "<group>"; };
		B9C056A02962EDCD007B6DBD /* Config.xcconfig */ = {isa = PBXFileReference; lastKnownFileType = text.xcconfig; path = Config.xcconfig; sourceTree = "<group>"; };
		B9C056A12967CEE5007B6DBD /* EAFormQuestionView.swift */ = {isa = PBXFileReference; lastKnownFileType = sourcecode.swift; path = EAFormQuestionView.swift; sourceTree = "<group>"; };
		B9C056A32967D139007B6DBD /* EAFormView.swift */ = {isa = PBXFileReference; lastKnownFileType = sourcecode.swift; path = EAFormView.swift; sourceTree = "<group>"; };
		B9C056A629682069007B6DBD /* EAFormQuestionType.swift */ = {isa = PBXFileReference; lastKnownFileType = sourcecode.swift; path = EAFormQuestionType.swift; sourceTree = "<group>"; };
		B9C056A829682203007B6DBD /* EAGoalDayGuide.swift */ = {isa = PBXFileReference; lastKnownFileType = sourcecode.swift; path = EAGoalDayGuide.swift; sourceTree = "<group>"; };
		B9C056AA2968F942007B6DBD /* EATextfieldQuestionViewModel.swift */ = {isa = PBXFileReference; lastKnownFileType = sourcecode.swift; path = EATextfieldQuestionViewModel.swift; sourceTree = "<group>"; };
		B9C056AD2968FAEC007B6DBD /* EAGoalsService.swift */ = {isa = PBXFileReference; lastKnownFileType = sourcecode.swift; path = EAGoalsService.swift; sourceTree = "<group>"; };
		B9C056BB296A887E007B6DBD /* EAGoalsView.swift */ = {isa = PBXFileReference; lastKnownFileType = sourcecode.swift; path = EAGoalsView.swift; sourceTree = "<group>"; };
		B9C056BD296A8B43007B6DBD /* EAGoalViewModel.swift */ = {isa = PBXFileReference; lastKnownFileType = sourcecode.swift; path = EAGoalViewModel.swift; sourceTree = "<group>"; };
		B9C056BF296A8E5C007B6DBD /* EAGoalTableViewCell.swift */ = {isa = PBXFileReference; lastKnownFileType = sourcecode.swift; path = EAGoalTableViewCell.swift; sourceTree = "<group>"; };
		B9C056C2296A90AC007B6DBD /* Mocking.swift */ = {isa = PBXFileReference; lastKnownFileType = sourcecode.swift; path = Mocking.swift; sourceTree = "<group>"; };
		B9C056CA296BB3CF007B6DBD /* EAGoalViewController.swift */ = {isa = PBXFileReference; lastKnownFileType = sourcecode.swift; path = EAGoalViewController.swift; sourceTree = "<group>"; };
		B9C056CC296BB41B007B6DBD /* EAGoalView.swift */ = {isa = PBXFileReference; lastKnownFileType = sourcecode.swift; path = EAGoalView.swift; sourceTree = "<group>"; };
		B9C056CF296BCBE9007B6DBD /* Navigator.swift */ = {isa = PBXFileReference; lastKnownFileType = sourcecode.swift; path = Navigator.swift; sourceTree = "<group>"; };
		B9C056D1296BCC0A007B6DBD /* GoalsListNavigator.swift */ = {isa = PBXFileReference; lastKnownFileType = sourcecode.swift; path = GoalsListNavigator.swift; sourceTree = "<group>"; };
		B9C056D3296BCCA1007B6DBD /* EAGoalCreationFormViewController.swift */ = {isa = PBXFileReference; lastKnownFileType = sourcecode.swift; path = EAGoalCreationFormViewController.swift; sourceTree = "<group>"; };
		B9C056D5296BE635007B6DBD /* Constants.swift */ = {isa = PBXFileReference; lastKnownFileType = sourcecode.swift; path = Constants.swift; sourceTree = "<group>"; };
		B9C056D8296BE7B6007B6DBD /* EATextfieldQuestionView.swift */ = {isa = PBXFileReference; lastKnownFileType = sourcecode.swift; path = EATextfieldQuestionView.swift; sourceTree = "<group>"; };
		B9C056DB296CF8BE007B6DBD /* EACreateGoalQuestionView.swift */ = {isa = PBXFileReference; lastKnownFileType = sourcecode.swift; path = EACreateGoalQuestionView.swift; sourceTree = "<group>"; };
		B9C056DD296CF938007B6DBD /* EACreateGoalQuestionViewModel.swift */ = {isa = PBXFileReference; lastKnownFileType = sourcecode.swift; path = EACreateGoalQuestionViewModel.swift; sourceTree = "<group>"; };
		B9C056DF296D006C007B6DBD /* EAFontSize.swift */ = {isa = PBXFileReference; lastKnownFileType = sourcecode.swift; path = EAFontSize.swift; sourceTree = "<group>"; };
		F47E4427A6CBDBCE35A7E7C4 /* Pods-EvolveAI.debug.xcconfig */ = {isa = PBXFileReference; includeInIndex = 1; lastKnownFileType = text.xcconfig; name = "Pods-EvolveAI.debug.xcconfig"; path = "Target Support Files/Pods-EvolveAI/Pods-EvolveAI.debug.xcconfig"; sourceTree = "<group>"; };
/* End PBXFileReference section */

/* Begin PBXFrameworksBuildPhase section */
		B9C056672962C16E007B6DBD /* Frameworks */ = {
			isa = PBXFrameworksBuildPhase;
			buildActionMask = 2147483647;
			files = (
				8C1805FEDA7C7AE9F7F18876 /* Pods_EvolveAI.framework in Frameworks */,
			);
			runOnlyForDeploymentPostprocessing = 0;
		};
/* End PBXFrameworksBuildPhase section */

/* Begin PBXGroup section */
		B9C056612962C16E007B6DBD = {
			isa = PBXGroup;
			children = (
				B9C056A02962EDCD007B6DBD /* Config.xcconfig */,
				B9C0566C2962C16E007B6DBD /* EvolveAI */,
				B9C0566B2962C16E007B6DBD /* Products */,
				E6F9B39AE50E2E56EDA71848 /* Pods */,
				EC32B6049AF904AB1AFC9F42 /* Frameworks */,
			);
			sourceTree = "<group>";
		};
		B9C0566B2962C16E007B6DBD /* Products */ = {
			isa = PBXGroup;
			children = (
				B9C0566A2962C16E007B6DBD /* EvolveAI.app */,
			);
			name = Products;
			sourceTree = "<group>";
		};
		B9C0566C2962C16E007B6DBD /* EvolveAI */ = {
			isa = PBXGroup;
			children = (
				B9C056CE296BCBDE007B6DBD /* Navigators */,
				B9C056C1296A90A3007B6DBD /* Utility */,
				B9C056AC2968F9B8007B6DBD /* Repository */,
				B9C056872962C1B7007B6DBD /* APIClient */,
				B9C056852962C18A007B6DBD /* Models */,
				B9C056842962C186007B6DBD /* Views */,
				B9C056832962C180007B6DBD /* Resources */,
				B9C056822962C17A007B6DBD /* ViewModels */,
				B9C056812962C174007B6DBD /* Controllers */,
				B9C0567B2962C16F007B6DBD /* Info.plist */,
			);
			path = EvolveAI;
			sourceTree = "<group>";
		};
		B9C056812962C174007B6DBD /* Controllers */ = {
			isa = PBXGroup;
			children = (
				B9C056712962C16E007B6DBD /* EAGoalsViewController.swift */,
				B9C056CA296BB3CF007B6DBD /* EAGoalViewController.swift */,
				B9C056D3296BCCA1007B6DBD /* EAGoalCreationFormViewController.swift */,
			);
			path = Controllers;
			sourceTree = "<group>";
		};
		B9C056822962C17A007B6DBD /* ViewModels */ = {
			isa = PBXGroup;
			children = (
				B9C056DA296BE93E007B6DBD /* FormQuestionViewModels */,
				B9C056BD296A8B43007B6DBD /* EAGoalViewModel.swift */,
			);
			path = ViewModels;
			sourceTree = "<group>";
		};
		B9C056832962C180007B6DBD /* Resources */ = {
			isa = PBXGroup;
			children = (
				B9C056762962C16F007B6DBD /* Assets.xcassets */,
				B9C0566D2962C16E007B6DBD /* AppDelegate.swift */,
				B9C0566F2962C16E007B6DBD /* SceneDelegate.swift */,
				B9C056D5296BE635007B6DBD /* Constants.swift */,
			);
			path = Resources;
			sourceTree = "<group>";
		};
		B9C056842962C186007B6DBD /* Views */ = {
			isa = PBXGroup;
			children = (
				B9C056D7296BE750007B6DBD /* FormQuestion */,
				B9C056A529682058007B6DBD /* ViewUtility */,
				B9C056862962C19C007B6DBD /* Storyboards */,
				B9C056A32967D139007B6DBD /* EAFormView.swift */,
				B9C056BB296A887E007B6DBD /* EAGoalsView.swift */,
				B9C056BF296A8E5C007B6DBD /* EAGoalTableViewCell.swift */,
				B9C056CC296BB41B007B6DBD /* EAGoalView.swift */,
			);
			path = Views;
			sourceTree = "<group>";
		};
		B9C056852962C18A007B6DBD /* Models */ = {
			isa = PBXGroup;
			children = (
				B9C056B229690E10007B6DBD /* APIModels */,
				B9C0569E2962E045007B6DBD /* EAGoal.swift */,
				B9C056A829682203007B6DBD /* EAGoalDayGuide.swift */,
			);
			path = Models;
			sourceTree = "<group>";
		};
		B9C056862962C19C007B6DBD /* Storyboards */ = {
			isa = PBXGroup;
			children = (
				B9C056782962C16F007B6DBD /* LaunchScreen.storyboard */,
			);
			path = Storyboards;
			sourceTree = "<group>";
		};
		B9C056872962C1B7007B6DBD /* APIClient */ = {
			isa = PBXGroup;
			children = (
				B9C056882962C1DD007B6DBD /* EAService.swift */,
				B9C0568A2962C24A007B6DBD /* EAOpenAIRequest.swift */,
				B9C0568E2962C33A007B6DBD /* EAEndpoint.swift */,
				B9C056952962CEAF007B6DBD /* EARequest.swift */,
				B9C056992962D4FD007B6DBD /* HTTPMethod.swift */,
			);
			path = APIClient;
			sourceTree = "<group>";
		};
		B9C056942962CE81007B6DBD /* Requests */ = {
			isa = PBXGroup;
			children = (
				B9C056902962C3BE007B6DBD /* EARequestBody.swift */,
				B9C056922962CE64007B6DBD /* EAOpenAICompletionsRequestBody.swift */,
				B9C056972962D28D007B6DBD /* EAOpenAICompletionsModel.swift */,
			);
			path = Requests;
			sourceTree = "<group>";
		};
		B9C0569B2962DD96007B6DBD /* Responses */ = {
			isa = PBXGroup;
			children = (
				B9C0568C2962C2DB007B6DBD /* EAAPIResponse.swift */,
				B9C0569C2962DF7C007B6DBD /* EAOpenAICompletionsResponse.swift */,
			);
			path = Responses;
			sourceTree = "<group>";
		};
		B9C056A529682058007B6DBD /* ViewUtility */ = {
			isa = PBXGroup;
			children = (
				B9C056A629682069007B6DBD /* EAFormQuestionType.swift */,
			);
			path = ViewUtility;
			sourceTree = "<group>";
		};
		B9C056AC2968F9B8007B6DBD /* Repository */ = {
			isa = PBXGroup;
			children = (
				B9C056AD2968FAEC007B6DBD /* EAGoalsService.swift */,
			);
			path = Repository;
			sourceTree = "<group>";
		};
		B9C056B229690E10007B6DBD /* APIModels */ = {
			isa = PBXGroup;
			children = (
				B9C0569B2962DD96007B6DBD /* Responses */,
				B9C056942962CE81007B6DBD /* Requests */,
			);
			path = APIModels;
			sourceTree = "<group>";
		};
		B9C056C1296A90A3007B6DBD /* Utility */ = {
			isa = PBXGroup;
			children = (
				B9C056C2296A90AC007B6DBD /* Mocking.swift */,
				B9C056DF296D006C007B6DBD /* EAFontSize.swift */,
			);
			path = Utility;
			sourceTree = "<group>";
		};
		B9C056CE296BCBDE007B6DBD /* Navigators */ = {
			isa = PBXGroup;
			children = (
				B9C056CF296BCBE9007B6DBD /* Navigator.swift */,
				B9C056D1296BCC0A007B6DBD /* GoalsListNavigator.swift */,
			);
			path = Navigators;
			sourceTree = "<group>";
		};
		B9C056D7296BE750007B6DBD /* FormQuestion */ = {
			isa = PBXGroup;
			children = (
				B9C056A12967CEE5007B6DBD /* EAFormQuestionView.swift */,
				B9C056D8296BE7B6007B6DBD /* EATextfieldQuestionView.swift */,
				B9C056DB296CF8BE007B6DBD /* EACreateGoalQuestionView.swift */,
			);
			path = FormQuestion;
			sourceTree = "<group>";
		};
		B9C056DA296BE93E007B6DBD /* FormQuestionViewModels */ = {
			isa = PBXGroup;
			children = (
				B9C056AA2968F942007B6DBD /* EATextfieldQuestionViewModel.swift */,
				B9C056DD296CF938007B6DBD /* EACreateGoalQuestionViewModel.swift */,
			);
			path = FormQuestionViewModels;
			sourceTree = "<group>";
		};
		E6F9B39AE50E2E56EDA71848 /* Pods */ = {
			isa = PBXGroup;
			children = (
				F47E4427A6CBDBCE35A7E7C4 /* Pods-EvolveAI.debug.xcconfig */,
				AA9E5E8A7DA148873A3B5B67 /* Pods-EvolveAI.release.xcconfig */,
			);
			path = Pods;
			sourceTree = "<group>";
		};
		EC32B6049AF904AB1AFC9F42 /* Frameworks */ = {
			isa = PBXGroup;
			children = (
				62A36FAB8FE25BA05F18D066 /* Pods_EvolveAI.framework */,
			);
			name = Frameworks;
			sourceTree = "<group>";
		};
/* End PBXGroup section */

/* Begin PBXNativeTarget section */
		B9C056692962C16E007B6DBD /* EvolveAI */ = {
			isa = PBXNativeTarget;
			buildConfigurationList = B9C0567E2962C16F007B6DBD /* Build configuration list for PBXNativeTarget "EvolveAI" */;
			buildPhases = (
				01CB8FCF0B0932F0DE9A5C05 /* [CP] Check Pods Manifest.lock */,
				B9C056662962C16E007B6DBD /* Sources */,
				B9C056672962C16E007B6DBD /* Frameworks */,
				B9C056682962C16E007B6DBD /* Resources */,
				F0C93328997EE93089EFAF7C /* [CP] Embed Pods Frameworks */,
			);
			buildRules = (
			);
			dependencies = (
			);
			name = EvolveAI;
			productName = EvolveAI;
			productReference = B9C0566A2962C16E007B6DBD /* EvolveAI.app */;
			productType = "com.apple.product-type.application";
		};
/* End PBXNativeTarget section */

/* Begin PBXProject section */
		B9C056622962C16E007B6DBD /* Project object */ = {
			isa = PBXProject;
			attributes = {
				BuildIndependentTargetsInParallel = 1;
				LastSwiftUpdateCheck = 1420;
				LastUpgradeCheck = 1420;
				TargetAttributes = {
					B9C056692962C16E007B6DBD = {
						CreatedOnToolsVersion = 14.2;
					};
				};
			};
			buildConfigurationList = B9C056652962C16E007B6DBD /* Build configuration list for PBXProject "EvolveAI" */;
			compatibilityVersion = "Xcode 13.0";
			developmentRegion = en;
			hasScannedForEncodings = 0;
			knownRegions = (
				en,
				Base,
			);
			mainGroup = B9C056612962C16E007B6DBD;
			productRefGroup = B9C0566B2962C16E007B6DBD /* Products */;
			projectDirPath = "";
			projectRoot = "";
			targets = (
				B9C056692962C16E007B6DBD /* EvolveAI */,
			);
		};
/* End PBXProject section */

/* Begin PBXResourcesBuildPhase section */
		B9C056682962C16E007B6DBD /* Resources */ = {
			isa = PBXResourcesBuildPhase;
			buildActionMask = 2147483647;
			files = (
				B9C0567A2962C16F007B6DBD /* LaunchScreen.storyboard in Resources */,
				B9C056772962C16F007B6DBD /* Assets.xcassets in Resources */,
			);
			runOnlyForDeploymentPostprocessing = 0;
		};
/* End PBXResourcesBuildPhase section */

/* Begin PBXShellScriptBuildPhase section */
		01CB8FCF0B0932F0DE9A5C05 /* [CP] Check Pods Manifest.lock */ = {
			isa = PBXShellScriptBuildPhase;
			buildActionMask = 2147483647;
			files = (
			);
			inputFileListPaths = (
			);
			inputPaths = (
				"${PODS_PODFILE_DIR_PATH}/Podfile.lock",
				"${PODS_ROOT}/Manifest.lock",
			);
			name = "[CP] Check Pods Manifest.lock";
			outputFileListPaths = (
			);
			outputPaths = (
				"$(DERIVED_FILE_DIR)/Pods-EvolveAI-checkManifestLockResult.txt",
			);
			runOnlyForDeploymentPostprocessing = 0;
			shellPath = /bin/sh;
			shellScript = "diff \"${PODS_PODFILE_DIR_PATH}/Podfile.lock\" \"${PODS_ROOT}/Manifest.lock\" > /dev/null\nif [ $? != 0 ] ; then\n    # print error to STDERR\n    echo \"error: The sandbox is not in sync with the Podfile.lock. Run 'pod install' or update your CocoaPods installation.\" >&2\n    exit 1\nfi\n# This output is used by Xcode 'outputs' to avoid re-running this script phase.\necho \"SUCCESS\" > \"${SCRIPT_OUTPUT_FILE_0}\"\n";
			showEnvVarsInLog = 0;
		};
		F0C93328997EE93089EFAF7C /* [CP] Embed Pods Frameworks */ = {
			isa = PBXShellScriptBuildPhase;
			buildActionMask = 2147483647;
			files = (
			);
			inputFileListPaths = (
				"${PODS_ROOT}/Target Support Files/Pods-EvolveAI/Pods-EvolveAI-frameworks-${CONFIGURATION}-input-files.xcfilelist",
			);
			name = "[CP] Embed Pods Frameworks";
			outputFileListPaths = (
				"${PODS_ROOT}/Target Support Files/Pods-EvolveAI/Pods-EvolveAI-frameworks-${CONFIGURATION}-output-files.xcfilelist",
			);
			runOnlyForDeploymentPostprocessing = 0;
			shellPath = /bin/sh;
			shellScript = "\"${PODS_ROOT}/Target Support Files/Pods-EvolveAI/Pods-EvolveAI-frameworks.sh\"\n";
			showEnvVarsInLog = 0;
		};
/* End PBXShellScriptBuildPhase section */

/* Begin PBXSourcesBuildPhase section */
		B9C056662962C16E007B6DBD /* Sources */ = {
			isa = PBXSourcesBuildPhase;
			buildActionMask = 2147483647;
			files = (
				B9C0568F2962C33A007B6DBD /* EAEndpoint.swift in Sources */,
				B9C056AB2968F942007B6DBD /* EATextfieldQuestionViewModel.swift in Sources */,
				B9C056D0296BCBE9007B6DBD /* Navigator.swift in Sources */,
				B9C056722962C16E007B6DBD /* EAGoalsViewController.swift in Sources */,
				B9C056C0296A8E5C007B6DBD /* EAGoalTableViewCell.swift in Sources */,
				B9C056D6296BE635007B6DBD /* Constants.swift in Sources */,
				B9C056892962C1DD007B6DBD /* EAService.swift in Sources */,
				B9C056912962C3BE007B6DBD /* EARequestBody.swift in Sources */,
				B9C056932962CE64007B6DBD /* EAOpenAICompletionsRequestBody.swift in Sources */,
				B9C056DC296CF8BE007B6DBD /* EACreateGoalQuestionView.swift in Sources */,
				B9C056DE296CF938007B6DBD /* EACreateGoalQuestionViewModel.swift in Sources */,
				B9C0566E2962C16E007B6DBD /* AppDelegate.swift in Sources */,
				B9C056D9296BE7B6007B6DBD /* EATextfieldQuestionView.swift in Sources */,
				B9C056D4296BCCA1007B6DBD /* EAGoalCreationFormViewController.swift in Sources */,
				B9C056BE296A8B43007B6DBD /* EAGoalViewModel.swift in Sources */,
				B9C056E0296D006C007B6DBD /* EAFontSize.swift in Sources */,
				B9C056CD296BB41B007B6DBD /* EAGoalView.swift in Sources */,
				B9C0569F2962E045007B6DBD /* EAGoal.swift in Sources */,
				B9C056BC296A887E007B6DBD /* EAGoalsView.swift in Sources */,
				B9C056AE2968FAEC007B6DBD /* EAGoalsService.swift in Sources */,
				B9C056982962D28D007B6DBD /* EAOpenAICompletionsModel.swift in Sources */,
				B9C056A42967D139007B6DBD /* EAFormView.swift in Sources */,
				B9C056702962C16E007B6DBD /* SceneDelegate.swift in Sources */,
				B9C0569A2962D4FD007B6DBD /* HTTPMethod.swift in Sources */,
				B9C056C3296A90AC007B6DBD /* Mocking.swift in Sources */,
				B9C056A729682069007B6DBD /* EAFormQuestionType.swift in Sources */,
				B9C0568D2962C2DB007B6DBD /* EAAPIResponse.swift in Sources */,
				B9C0568B2962C24A007B6DBD /* EAOpenAIRequest.swift in Sources */,
				B9C056A929682203007B6DBD /* EAGoalDayGuide.swift in Sources */,
				B9C056CB296BB3CF007B6DBD /* EAGoalViewController.swift in Sources */,
				B9C056D2296BCC0A007B6DBD /* GoalsListNavigator.swift in Sources */,
				B9C0569D2962DF7C007B6DBD /* EAOpenAICompletionsResponse.swift in Sources */,
				B9C056A22967CEE5007B6DBD /* EAFormQuestionView.swift in Sources */,
				B9C056962962CEAF007B6DBD /* EARequest.swift in Sources */,
			);
			runOnlyForDeploymentPostprocessing = 0;
		};
/* End PBXSourcesBuildPhase section */

/* Begin PBXVariantGroup section */
		B9C056782962C16F007B6DBD /* LaunchScreen.storyboard */ = {
			isa = PBXVariantGroup;
			children = (
				B9C056792962C16F007B6DBD /* Base */,
			);
			name = LaunchScreen.storyboard;
			sourceTree = "<group>";
		};
/* End PBXVariantGroup section */

/* Begin XCBuildConfiguration section */
		B9C0567C2962C16F007B6DBD /* Debug */ = {
			isa = XCBuildConfiguration;
			baseConfigurationReference = B9C056A02962EDCD007B6DBD /* Config.xcconfig */;
			buildSettings = {
				ALWAYS_SEARCH_USER_PATHS = NO;
				CLANG_ANALYZER_NONNULL = YES;
				CLANG_ANALYZER_NUMBER_OBJECT_CONVERSION = YES_AGGRESSIVE;
				CLANG_CXX_LANGUAGE_STANDARD = "gnu++20";
				CLANG_ENABLE_MODULES = YES;
				CLANG_ENABLE_OBJC_ARC = YES;
				CLANG_ENABLE_OBJC_WEAK = YES;
				CLANG_WARN_BLOCK_CAPTURE_AUTORELEASING = YES;
				CLANG_WARN_BOOL_CONVERSION = YES;
				CLANG_WARN_COMMA = YES;
				CLANG_WARN_CONSTANT_CONVERSION = YES;
				CLANG_WARN_DEPRECATED_OBJC_IMPLEMENTATIONS = YES;
				CLANG_WARN_DIRECT_OBJC_ISA_USAGE = YES_ERROR;
				CLANG_WARN_DOCUMENTATION_COMMENTS = YES;
				CLANG_WARN_EMPTY_BODY = YES;
				CLANG_WARN_ENUM_CONVERSION = YES;
				CLANG_WARN_INFINITE_RECURSION = YES;
				CLANG_WARN_INT_CONVERSION = YES;
				CLANG_WARN_NON_LITERAL_NULL_CONVERSION = YES;
				CLANG_WARN_OBJC_IMPLICIT_RETAIN_SELF = YES;
				CLANG_WARN_OBJC_LITERAL_CONVERSION = YES;
				CLANG_WARN_OBJC_ROOT_CLASS = YES_ERROR;
				CLANG_WARN_QUOTED_INCLUDE_IN_FRAMEWORK_HEADER = YES;
				CLANG_WARN_RANGE_LOOP_ANALYSIS = YES;
				CLANG_WARN_STRICT_PROTOTYPES = YES;
				CLANG_WARN_SUSPICIOUS_MOVE = YES;
				CLANG_WARN_UNGUARDED_AVAILABILITY = YES_AGGRESSIVE;
				CLANG_WARN_UNREACHABLE_CODE = YES;
				CLANG_WARN__DUPLICATE_METHOD_MATCH = YES;
				COPY_PHASE_STRIP = NO;
				DEBUG_INFORMATION_FORMAT = dwarf;
				ENABLE_STRICT_OBJC_MSGSEND = YES;
				ENABLE_TESTABILITY = YES;
				GCC_C_LANGUAGE_STANDARD = gnu11;
				GCC_DYNAMIC_NO_PIC = NO;
				GCC_NO_COMMON_BLOCKS = YES;
				GCC_OPTIMIZATION_LEVEL = 0;
				GCC_PREPROCESSOR_DEFINITIONS = (
					"DEBUG=1",
					"$(inherited)",
				);
				GCC_WARN_64_TO_32_BIT_CONVERSION = YES;
				GCC_WARN_ABOUT_RETURN_TYPE = YES_ERROR;
				GCC_WARN_UNDECLARED_SELECTOR = YES;
				GCC_WARN_UNINITIALIZED_AUTOS = YES_AGGRESSIVE;
				GCC_WARN_UNUSED_FUNCTION = YES;
				GCC_WARN_UNUSED_VARIABLE = YES;
				IPHONEOS_DEPLOYMENT_TARGET = 16.2;
				MTL_ENABLE_DEBUG_INFO = INCLUDE_SOURCE;
				MTL_FAST_MATH = YES;
				ONLY_ACTIVE_ARCH = YES;
				SDKROOT = iphoneos;
				SWIFT_ACTIVE_COMPILATION_CONDITIONS = DEBUG;
				SWIFT_OPTIMIZATION_LEVEL = "-Onone";
			};
			name = Debug;
		};
		B9C0567D2962C16F007B6DBD /* Release */ = {
			isa = XCBuildConfiguration;
			baseConfigurationReference = B9C056A02962EDCD007B6DBD /* Config.xcconfig */;
			buildSettings = {
				ALWAYS_SEARCH_USER_PATHS = NO;
				CLANG_ANALYZER_NONNULL = YES;
				CLANG_ANALYZER_NUMBER_OBJECT_CONVERSION = YES_AGGRESSIVE;
				CLANG_CXX_LANGUAGE_STANDARD = "gnu++20";
				CLANG_ENABLE_MODULES = YES;
				CLANG_ENABLE_OBJC_ARC = YES;
				CLANG_ENABLE_OBJC_WEAK = YES;
				CLANG_WARN_BLOCK_CAPTURE_AUTORELEASING = YES;
				CLANG_WARN_BOOL_CONVERSION = YES;
				CLANG_WARN_COMMA = YES;
				CLANG_WARN_CONSTANT_CONVERSION = YES;
				CLANG_WARN_DEPRECATED_OBJC_IMPLEMENTATIONS = YES;
				CLANG_WARN_DIRECT_OBJC_ISA_USAGE = YES_ERROR;
				CLANG_WARN_DOCUMENTATION_COMMENTS = YES;
				CLANG_WARN_EMPTY_BODY = YES;
				CLANG_WARN_ENUM_CONVERSION = YES;
				CLANG_WARN_INFINITE_RECURSION = YES;
				CLANG_WARN_INT_CONVERSION = YES;
				CLANG_WARN_NON_LITERAL_NULL_CONVERSION = YES;
				CLANG_WARN_OBJC_IMPLICIT_RETAIN_SELF = YES;
				CLANG_WARN_OBJC_LITERAL_CONVERSION = YES;
				CLANG_WARN_OBJC_ROOT_CLASS = YES_ERROR;
				CLANG_WARN_QUOTED_INCLUDE_IN_FRAMEWORK_HEADER = YES;
				CLANG_WARN_RANGE_LOOP_ANALYSIS = YES;
				CLANG_WARN_STRICT_PROTOTYPES = YES;
				CLANG_WARN_SUSPICIOUS_MOVE = YES;
				CLANG_WARN_UNGUARDED_AVAILABILITY = YES_AGGRESSIVE;
				CLANG_WARN_UNREACHABLE_CODE = YES;
				CLANG_WARN__DUPLICATE_METHOD_MATCH = YES;
				COPY_PHASE_STRIP = NO;
				DEBUG_INFORMATION_FORMAT = "dwarf-with-dsym";
				ENABLE_NS_ASSERTIONS = NO;
				ENABLE_STRICT_OBJC_MSGSEND = YES;
				GCC_C_LANGUAGE_STANDARD = gnu11;
				GCC_NO_COMMON_BLOCKS = YES;
				GCC_WARN_64_TO_32_BIT_CONVERSION = YES;
				GCC_WARN_ABOUT_RETURN_TYPE = YES_ERROR;
				GCC_WARN_UNDECLARED_SELECTOR = YES;
				GCC_WARN_UNINITIALIZED_AUTOS = YES_AGGRESSIVE;
				GCC_WARN_UNUSED_FUNCTION = YES;
				GCC_WARN_UNUSED_VARIABLE = YES;
				IPHONEOS_DEPLOYMENT_TARGET = 16.2;
				MTL_ENABLE_DEBUG_INFO = NO;
				MTL_FAST_MATH = YES;
				SDKROOT = iphoneos;
				SWIFT_COMPILATION_MODE = wholemodule;
				SWIFT_OPTIMIZATION_LEVEL = "-O";
				VALIDATE_PRODUCT = YES;
			};
			name = Release;
		};
		B9C0567F2962C16F007B6DBD /* Debug */ = {
			isa = XCBuildConfiguration;
			baseConfigurationReference = F47E4427A6CBDBCE35A7E7C4 /* Pods-EvolveAI.debug.xcconfig */;
			buildSettings = {
				ASSETCATALOG_COMPILER_APPICON_NAME = AppIcon;
				ASSETCATALOG_COMPILER_GLOBAL_ACCENT_COLOR_NAME = AccentColor;
				CODE_SIGN_STYLE = Automatic;
				CURRENT_PROJECT_VERSION = 1;
				DEVELOPMENT_TEAM = VJUSE27PV3;
				GENERATE_INFOPLIST_FILE = YES;
				INFOPLIST_FILE = EvolveAI/Info.plist;
				INFOPLIST_KEY_UIApplicationSupportsIndirectInputEvents = YES;
				INFOPLIST_KEY_UILaunchStoryboardName = LaunchScreen;
				INFOPLIST_KEY_UISupportedInterfaceOrientations_iPad = "UIInterfaceOrientationPortrait UIInterfaceOrientationPortraitUpsideDown UIInterfaceOrientationLandscapeLeft UIInterfaceOrientationLandscapeRight";
				INFOPLIST_KEY_UISupportedInterfaceOrientations_iPhone = "UIInterfaceOrientationPortrait UIInterfaceOrientationLandscapeLeft UIInterfaceOrientationLandscapeRight";
				LD_RUNPATH_SEARCH_PATHS = (
					"$(inherited)",
					"@executable_path/Frameworks",
				);
				MARKETING_VERSION = 1.0;
				PRODUCT_BUNDLE_IDENTIFIER = vikramsingh.EvolveAI;
				PRODUCT_NAME = "$(TARGET_NAME)";
				SWIFT_EMIT_LOC_STRINGS = YES;
				SWIFT_VERSION = 5.0;
				TARGETED_DEVICE_FAMILY = "1,2";
			};
			name = Debug;
		};
		B9C056802962C16F007B6DBD /* Release */ = {
			isa = XCBuildConfiguration;
			baseConfigurationReference = AA9E5E8A7DA148873A3B5B67 /* Pods-EvolveAI.release.xcconfig */;
			buildSettings = {
				ASSETCATALOG_COMPILER_APPICON_NAME = AppIcon;
				ASSETCATALOG_COMPILER_GLOBAL_ACCENT_COLOR_NAME = AccentColor;
				CODE_SIGN_STYLE = Automatic;
				CURRENT_PROJECT_VERSION = 1;
				DEVELOPMENT_TEAM = VJUSE27PV3;
				GENERATE_INFOPLIST_FILE = YES;
				INFOPLIST_FILE = EvolveAI/Info.plist;
				INFOPLIST_KEY_UIApplicationSupportsIndirectInputEvents = YES;
				INFOPLIST_KEY_UILaunchStoryboardName = LaunchScreen;
				INFOPLIST_KEY_UISupportedInterfaceOrientations_iPad = "UIInterfaceOrientationPortrait UIInterfaceOrientationPortraitUpsideDown UIInterfaceOrientationLandscapeLeft UIInterfaceOrientationLandscapeRight";
				INFOPLIST_KEY_UISupportedInterfaceOrientations_iPhone = "UIInterfaceOrientationPortrait UIInterfaceOrientationLandscapeLeft UIInterfaceOrientationLandscapeRight";
				LD_RUNPATH_SEARCH_PATHS = (
					"$(inherited)",
					"@executable_path/Frameworks",
				);
				MARKETING_VERSION = 1.0;
				PRODUCT_BUNDLE_IDENTIFIER = vikramsingh.EvolveAI;
				PRODUCT_NAME = "$(TARGET_NAME)";
				SWIFT_EMIT_LOC_STRINGS = YES;
				SWIFT_VERSION = 5.0;
				TARGETED_DEVICE_FAMILY = "1,2";
			};
			name = Release;
		};
/* End XCBuildConfiguration section */

/* Begin XCConfigurationList section */
		B9C056652962C16E007B6DBD /* Build configuration list for PBXProject "EvolveAI" */ = {
			isa = XCConfigurationList;
			buildConfigurations = (
				B9C0567C2962C16F007B6DBD /* Debug */,
				B9C0567D2962C16F007B6DBD /* Release */,
			);
			defaultConfigurationIsVisible = 0;
			defaultConfigurationName = Release;
		};
		B9C0567E2962C16F007B6DBD /* Build configuration list for PBXNativeTarget "EvolveAI" */ = {
			isa = XCConfigurationList;
			buildConfigurations = (
				B9C0567F2962C16F007B6DBD /* Debug */,
				B9C056802962C16F007B6DBD /* Release */,
			);
			defaultConfigurationIsVisible = 0;
			defaultConfigurationName = Release;
		};
/* End XCConfigurationList section */
	};
	rootObject = B9C056622962C16E007B6DBD /* Project object */;
}
